// !$*UTF8*$!
{
	archiveVersion = 1;
	classes = {
	};
	objectVersion = 50;
	objects = {

/* Begin PBXBuildFile section */
		7132963124487ADC006935C0 /* SocialKit.framework in Frameworks */ = {isa = PBXBuildFile; fileRef = 7132963024487ADC006935C0 /* SocialKit.framework */; };
		7132963224487ADC006935C0 /* SocialKit.framework in Embed Frameworks */ = {isa = PBXBuildFile; fileRef = 7132963024487ADC006935C0 /* SocialKit.framework */; settings = {ATTRIBUTES = (CodeSignOnCopy, RemoveHeadersOnCopy, ); }; };
		7132964724487ED0006935C0 /* DemoSocialKitAppleTableViewController.swift in Sources */ = {isa = PBXBuildFile; fileRef = 7132964624487ED0006935C0 /* DemoSocialKitAppleTableViewController.swift */; };
		7132968A24489F8F006935C0 /* DemoSocialKitFacebookTableViewController.swift in Sources */ = {isa = PBXBuildFile; fileRef = 7132968924489F8F006935C0 /* DemoSocialKitFacebookTableViewController.swift */; };
		7132969B2448A609006935C0 /* DemoSocialKitAllTableViewController.swift in Sources */ = {isa = PBXBuildFile; fileRef = 7132969A2448A609006935C0 /* DemoSocialKitAllTableViewController.swift */; };
		713B9C04243D08E0001F6E3A /* FormsDemo.h in Headers */ = {isa = PBXBuildFile; fileRef = 713B9BF6243D08E0001F6E3A /* FormsDemo.h */; settings = {ATTRIBUTES = (Public, ); }; };
		713B9C65243D0947001F6E3A /* Forms.framework in Frameworks */ = {isa = PBXBuildFile; fileRef = 713B9C64243D0947001F6E3A /* Forms.framework */; };
		713B9C66243D0947001F6E3A /* Forms.framework in Embed Frameworks */ = {isa = PBXBuildFile; fileRef = 713B9C64243D0947001F6E3A /* Forms.framework */; settings = {ATTRIBUTES = (CodeSignOnCopy, RemoveHeadersOnCopy, ); }; };
		713B9C7E243D0964001F6E3A /* DemoPrimaryButtonViewController.swift in Sources */ = {isa = PBXBuildFile; fileRef = 713B9C6A243D0964001F6E3A /* DemoPrimaryButtonViewController.swift */; };
		713B9C7F243D0964001F6E3A /* DemoNavigationBarWithBackOrCloseViewController.swift in Sources */ = {isa = PBXBuildFile; fileRef = 713B9C6C243D0964001F6E3A /* DemoNavigationBarWithBackOrCloseViewController.swift */; };
		713B9C80243D0964001F6E3A /* DemoNavigationBarViewController.swift in Sources */ = {isa = PBXBuildFile; fileRef = 713B9C6D243D0964001F6E3A /* DemoNavigationBarViewController.swift */; };
		713B9C81243D0964001F6E3A /* DemoLabelsViewController.swift in Sources */ = {isa = PBXBuildFile; fileRef = 713B9C6F243D0964001F6E3A /* DemoLabelsViewController.swift */; };
		713B9C82243D0964001F6E3A /* DemoTitleTextFieldViewController.swift in Sources */ = {isa = PBXBuildFile; fileRef = 713B9C71243D0964001F6E3A /* DemoTitleTextFieldViewController.swift */; };
		713B9C83243D0964001F6E3A /* DemoRootViewController.swift in Sources */ = {isa = PBXBuildFile; fileRef = 713B9C72243D0964001F6E3A /* DemoRootViewController.swift */; };
		713B9C84243D0964001F6E3A /* DemoModalViewController.swift in Sources */ = {isa = PBXBuildFile; fileRef = 713B9C74243D0964001F6E3A /* DemoModalViewController.swift */; };
		713B9C85243D0964001F6E3A /* DemoToastViewController.swift in Sources */ = {isa = PBXBuildFile; fileRef = 713B9C75243D0964001F6E3A /* DemoToastViewController.swift */; };
		713B9C86243D0964001F6E3A /* DemoValidatorsViewController.swift in Sources */ = {isa = PBXBuildFile; fileRef = 713B9C76243D0964001F6E3A /* DemoValidatorsViewController.swift */; };
		713B9C87243D0964001F6E3A /* DemoAttributedStringViewController.swift in Sources */ = {isa = PBXBuildFile; fileRef = 713B9C77243D0964001F6E3A /* DemoAttributedStringViewController.swift */; };
		713B9C88243D0964001F6E3A /* DemoLoaderViewController.swift in Sources */ = {isa = PBXBuildFile; fileRef = 713B9C78243D0964001F6E3A /* DemoLoaderViewController.swift */; };
		713B9C89243D0964001F6E3A /* DemoPagerController.swift in Sources */ = {isa = PBXBuildFile; fileRef = 713B9C7A243D0964001F6E3A /* DemoPagerController.swift */; };
		713B9C8A243D0964001F6E3A /* DemoViewController.swift in Sources */ = {isa = PBXBuildFile; fileRef = 713B9C7B243D0964001F6E3A /* DemoViewController.swift */; };
		713B9C8B243D0964001F6E3A /* DemoTabBarController.swift in Sources */ = {isa = PBXBuildFile; fileRef = 713B9C7C243D0964001F6E3A /* DemoTabBarController.swift */; };
		713B9C8C243D0964001F6E3A /* DemoTableViewController.swift in Sources */ = {isa = PBXBuildFile; fileRef = 713B9C7D243D0964001F6E3A /* DemoTableViewController.swift */; };
		714848DA24485CCA00455560 /* DemoOthersViewController.swift in Sources */ = {isa = PBXBuildFile; fileRef = 714848D924485CCA00455560 /* DemoOthersViewController.swift */; };
		714848DC24485CE500455560 /* DemoUtilsViewController.swift in Sources */ = {isa = PBXBuildFile; fileRef = 714848DB24485CE500455560 /* DemoUtilsViewController.swift */; };
		715260682446E93900119B0A /* DemoArchitecturesCleanRouter.swift in Sources */ = {isa = PBXBuildFile; fileRef = 715260672446E93900119B0A /* DemoArchitecturesCleanRouter.swift */; };
		715692B9243E58E700B4613C /* DemoShimmerPaginationTableViewController.swift in Sources */ = {isa = PBXBuildFile; fileRef = 715692B8243E58E700B4613C /* DemoShimmerPaginationTableViewController.swift */; };
		715891122446377D003200C7 /* DemoArchitecturesCleanViewController.swift in Sources */ = {isa = PBXBuildFile; fileRef = 715891112446377D003200C7 /* DemoArchitecturesCleanViewController.swift */; };
		71589114244639F2003200C7 /* DemoArchitecturesCleanAssembly.swift in Sources */ = {isa = PBXBuildFile; fileRef = 71589113244639F2003200C7 /* DemoArchitecturesCleanAssembly.swift */; };
		7158911624463B18003200C7 /* DemoArchitecturesCleanInteractor.swift in Sources */ = {isa = PBXBuildFile; fileRef = 7158911524463B18003200C7 /* DemoArchitecturesCleanInteractor.swift */; };
		7158911824463B86003200C7 /* DemoArchitecturesCleanModels.swift in Sources */ = {isa = PBXBuildFile; fileRef = 7158911724463B86003200C7 /* DemoArchitecturesCleanModels.swift */; };
		7158911A24463C2F003200C7 /* DemoArchitecturesCleanPresenter.swift in Sources */ = {isa = PBXBuildFile; fileRef = 7158911924463C2F003200C7 /* DemoArchitecturesCleanPresenter.swift */; };
		715B7AAE2446FA7900754EDB /* DemoArchitecturesCleanWorker.swift in Sources */ = {isa = PBXBuildFile; fileRef = 715B7AAD2446FA7900754EDB /* DemoArchitecturesCleanWorker.swift */; };
		715B7AE22446FD1500754EDB /* DemoArchitecturesCleanSummaryPresenter.swift in Sources */ = {isa = PBXBuildFile; fileRef = 715B7ADB2446FD1500754EDB /* DemoArchitecturesCleanSummaryPresenter.swift */; };
		715B7AE32446FD1500754EDB /* DemoArchitecturesCleanSummaryWorker.swift in Sources */ = {isa = PBXBuildFile; fileRef = 715B7ADC2446FD1500754EDB /* DemoArchitecturesCleanSummaryWorker.swift */; };
		715B7AE42446FD1500754EDB /* DemoArchitecturesCleanSummaryRouter.swift in Sources */ = {isa = PBXBuildFile; fileRef = 715B7ADD2446FD1500754EDB /* DemoArchitecturesCleanSummaryRouter.swift */; };
		715B7AE52446FD1500754EDB /* DemoArchitecturesCleanSummaryModels.swift in Sources */ = {isa = PBXBuildFile; fileRef = 715B7ADE2446FD1500754EDB /* DemoArchitecturesCleanSummaryModels.swift */; };
		715B7AE62446FD1500754EDB /* DemoArchitecturesCleanSummaryViewController.swift in Sources */ = {isa = PBXBuildFile; fileRef = 715B7ADF2446FD1500754EDB /* DemoArchitecturesCleanSummaryViewController.swift */; };
		715B7AE72446FD1500754EDB /* DemoArchitecturesCleanSummaryAssembly.swift in Sources */ = {isa = PBXBuildFile; fileRef = 715B7AE02446FD1500754EDB /* DemoArchitecturesCleanSummaryAssembly.swift */; };
		715B7AE82446FD1500754EDB /* DemoArchitecturesCleanSummaryInteractor.swift in Sources */ = {isa = PBXBuildFile; fileRef = 715B7AE12446FD1500754EDB /* DemoArchitecturesCleanSummaryInteractor.swift */; };
		715B7B0C2447379200754EDB /* DemoTransitionViewController.swift in Sources */ = {isa = PBXBuildFile; fileRef = 715B7B0B2447379200754EDB /* DemoTransitionViewController.swift */; };
		71929C0724499DD400AB93F1 /* DemoSocialKitGoogleTableViewController.swift in Sources */ = {isa = PBXBuildFile; fileRef = 71929C0624499DD400AB93F1 /* DemoSocialKitGoogleTableViewController.swift */; };
		719469C4243DB01D00CAD09B /* DemoShimmerViewController.swift in Sources */ = {isa = PBXBuildFile; fileRef = 719469C3243DB01D00CAD09B /* DemoShimmerViewController.swift */; };
		719469C8243DB66A00CAD09B /* Anchor.framework in Frameworks */ = {isa = PBXBuildFile; fileRef = 719469C7243DB66A00CAD09B /* Anchor.framework */; };
		719469C9243DB66A00CAD09B /* Anchor.framework in Embed Frameworks */ = {isa = PBXBuildFile; fileRef = 719469C7243DB66A00CAD09B /* Anchor.framework */; settings = {ATTRIBUTES = (CodeSignOnCopy, RemoveHeadersOnCopy, ); }; };
		719469CB243DB66E00CAD09B /* Injector.framework in Frameworks */ = {isa = PBXBuildFile; fileRef = 719469CA243DB66E00CAD09B /* Injector.framework */; };
		719469CC243DB66E00CAD09B /* Injector.framework in Embed Frameworks */ = {isa = PBXBuildFile; fileRef = 719469CA243DB66E00CAD09B /* Injector.framework */; settings = {ATTRIBUTES = (CodeSignOnCopy, RemoveHeadersOnCopy, ); }; };
		719469CE243DB67100CAD09B /* Utils.framework in Frameworks */ = {isa = PBXBuildFile; fileRef = 719469CD243DB67100CAD09B /* Utils.framework */; };
		719469CF243DB67100CAD09B /* Utils.framework in Embed Frameworks */ = {isa = PBXBuildFile; fileRef = 719469CD243DB67100CAD09B /* Utils.framework */; settings = {ATTRIBUTES = (CodeSignOnCopy, RemoveHeadersOnCopy, ); }; };
		719469D1243DB67400CAD09B /* Validators.framework in Frameworks */ = {isa = PBXBuildFile; fileRef = 719469D0243DB67400CAD09B /* Validators.framework */; };
		719469D2243DB67400CAD09B /* Validators.framework in Embed Frameworks */ = {isa = PBXBuildFile; fileRef = 719469D0243DB67400CAD09B /* Validators.framework */; settings = {ATTRIBUTES = (CodeSignOnCopy, RemoveHeadersOnCopy, ); }; };
		719469D4243DBC6800CAD09B /* Utils.swift in Sources */ = {isa = PBXBuildFile; fileRef = 719469D3243DBC6800CAD09B /* Utils.swift */; };
		719469D6243DC11000CAD09B /* DemoShimmerTableViewController.swift in Sources */ = {isa = PBXBuildFile; fileRef = 719469D5243DC11000CAD09B /* DemoShimmerTableViewController.swift */; };
		71BB61EF2445C6E7002BB31F /* DemoNetworkGetViewController.swift in Sources */ = {isa = PBXBuildFile; fileRef = 71BB61EE2445C6E7002BB31F /* DemoNetworkGetViewController.swift */; };
		71BB623F2445DD9F002BB31F /* Networking.framework in Frameworks */ = {isa = PBXBuildFile; fileRef = 71BB623E2445DD9F002BB31F /* Networking.framework */; };
		71BB62402445DD9F002BB31F /* Networking.framework in Embed Frameworks */ = {isa = PBXBuildFile; fileRef = 71BB623E2445DD9F002BB31F /* Networking.framework */; settings = {ATTRIBUTES = (CodeSignOnCopy, RemoveHeadersOnCopy, ); }; };
		71BB62792445EA7F002BB31F /* Logger.framework in Frameworks */ = {isa = PBXBuildFile; fileRef = 71BB62782445EA7F002BB31F /* Logger.framework */; };
		71BB627A2445EA7F002BB31F /* Logger.framework in Embed Frameworks */ = {isa = PBXBuildFile; fileRef = 71BB62782445EA7F002BB31F /* Logger.framework */; settings = {ATTRIBUTES = (CodeSignOnCopy, RemoveHeadersOnCopy, ); }; };
		71BB62812445F7C7002BB31F /* DemoNetworkImageViewController.swift in Sources */ = {isa = PBXBuildFile; fileRef = 71BB62802445F7C7002BB31F /* DemoNetworkImageViewController.swift */; };
/* End PBXBuildFile section */

/* Begin PBXContainerItemProxy section */
		713B9BFE243D08E0001F6E3A /* PBXContainerItemProxy */ = {
			isa = PBXContainerItemProxy;
			containerPortal = 713B9BEA243D08E0001F6E3A /* Project object */;
			proxyType = 1;
			remoteGlobalIDString = 713B9BF2243D08E0001F6E3A;
			remoteInfo = FormsDemo;
		};
/* End PBXContainerItemProxy section */

/* Begin PBXCopyFilesBuildPhase section */
		713B9C67243D0948001F6E3A /* Embed Frameworks */ = {
			isa = PBXCopyFilesBuildPhase;
			buildActionMask = 2147483647;
			dstPath = "";
			dstSubfolderSpec = 10;
			files = (
				719469CF243DB67100CAD09B /* Utils.framework in Embed Frameworks */,
				71BB627A2445EA7F002BB31F /* Logger.framework in Embed Frameworks */,
				7132963224487ADC006935C0 /* SocialKit.framework in Embed Frameworks */,
				713B9C66243D0947001F6E3A /* Forms.framework in Embed Frameworks */,
				71BB62402445DD9F002BB31F /* Networking.framework in Embed Frameworks */,
				719469D2243DB67400CAD09B /* Validators.framework in Embed Frameworks */,
				719469C9243DB66A00CAD09B /* Anchor.framework in Embed Frameworks */,
				719469CC243DB66E00CAD09B /* Injector.framework in Embed Frameworks */,
			);
			name = "Embed Frameworks";
			runOnlyForDeploymentPostprocessing = 0;
		};
/* End PBXCopyFilesBuildPhase section */

/* Begin PBXFileReference section */
		7132963024487ADC006935C0 /* SocialKit.framework */ = {isa = PBXFileReference; explicitFileType = wrapper.framework; path = SocialKit.framework; sourceTree = BUILT_PRODUCTS_DIR; };
		7132964624487ED0006935C0 /* DemoSocialKitAppleTableViewController.swift */ = {isa = PBXFileReference; lastKnownFileType = sourcecode.swift; path = DemoSocialKitAppleTableViewController.swift; sourceTree = "<group>"; };
		7132968924489F8F006935C0 /* DemoSocialKitFacebookTableViewController.swift */ = {isa = PBXFileReference; lastKnownFileType = sourcecode.swift; path = DemoSocialKitFacebookTableViewController.swift; sourceTree = "<group>"; };
		7132969A2448A609006935C0 /* DemoSocialKitAllTableViewController.swift */ = {isa = PBXFileReference; lastKnownFileType = sourcecode.swift; path = DemoSocialKitAllTableViewController.swift; sourceTree = "<group>"; };
		713B9BF6243D08E0001F6E3A /* FormsDemo.h */ = {isa = PBXFileReference; lastKnownFileType = sourcecode.c.h; path = FormsDemo.h; sourceTree = "<group>"; };
		713B9BF7243D08E0001F6E3A /* Info.plist */ = {isa = PBXFileReference; lastKnownFileType = text.plist.xml; path = Info.plist; sourceTree = "<group>"; };
		713B9C2E243D0906001F6E3A /* FormsDemoTests.xctest */ = {isa = PBXFileReference; explicitFileType = wrapper.cfbundle; includeInIndex = 0; path = FormsDemoTests.xctest; sourceTree = BUILT_PRODUCTS_DIR; };
		713B9C3D243D093D001F6E3A /* FormsDemo.framework */ = {isa = PBXFileReference; explicitFileType = wrapper.framework; includeInIndex = 0; path = FormsDemo.framework; sourceTree = BUILT_PRODUCTS_DIR; };
		713B9C64243D0947001F6E3A /* Forms.framework */ = {isa = PBXFileReference; explicitFileType = wrapper.framework; path = Forms.framework; sourceTree = BUILT_PRODUCTS_DIR; };
		713B9C6A243D0964001F6E3A /* DemoPrimaryButtonViewController.swift */ = {isa = PBXFileReference; fileEncoding = 4; lastKnownFileType = sourcecode.swift; path = DemoPrimaryButtonViewController.swift; sourceTree = "<group>"; };
		713B9C6C243D0964001F6E3A /* DemoNavigationBarWithBackOrCloseViewController.swift */ = {isa = PBXFileReference; fileEncoding = 4; lastKnownFileType = sourcecode.swift; path = DemoNavigationBarWithBackOrCloseViewController.swift; sourceTree = "<group>"; };
		713B9C6D243D0964001F6E3A /* DemoNavigationBarViewController.swift */ = {isa = PBXFileReference; fileEncoding = 4; lastKnownFileType = sourcecode.swift; path = DemoNavigationBarViewController.swift; sourceTree = "<group>"; };
		713B9C6F243D0964001F6E3A /* DemoLabelsViewController.swift */ = {isa = PBXFileReference; fileEncoding = 4; lastKnownFileType = sourcecode.swift; path = DemoLabelsViewController.swift; sourceTree = "<group>"; };
		713B9C71243D0964001F6E3A /* DemoTitleTextFieldViewController.swift */ = {isa = PBXFileReference; fileEncoding = 4; lastKnownFileType = sourcecode.swift; path = DemoTitleTextFieldViewController.swift; sourceTree = "<group>"; };
		713B9C72243D0964001F6E3A /* DemoRootViewController.swift */ = {isa = PBXFileReference; fileEncoding = 4; lastKnownFileType = sourcecode.swift; path = DemoRootViewController.swift; sourceTree = "<group>"; };
		713B9C74243D0964001F6E3A /* DemoModalViewController.swift */ = {isa = PBXFileReference; fileEncoding = 4; lastKnownFileType = sourcecode.swift; path = DemoModalViewController.swift; sourceTree = "<group>"; };
		713B9C75243D0964001F6E3A /* DemoToastViewController.swift */ = {isa = PBXFileReference; fileEncoding = 4; lastKnownFileType = sourcecode.swift; path = DemoToastViewController.swift; sourceTree = "<group>"; };
		713B9C76243D0964001F6E3A /* DemoValidatorsViewController.swift */ = {isa = PBXFileReference; fileEncoding = 4; lastKnownFileType = sourcecode.swift; path = DemoValidatorsViewController.swift; sourceTree = "<group>"; };
		713B9C77243D0964001F6E3A /* DemoAttributedStringViewController.swift */ = {isa = PBXFileReference; fileEncoding = 4; lastKnownFileType = sourcecode.swift; path = DemoAttributedStringViewController.swift; sourceTree = "<group>"; };
		713B9C78243D0964001F6E3A /* DemoLoaderViewController.swift */ = {isa = PBXFileReference; fileEncoding = 4; lastKnownFileType = sourcecode.swift; path = DemoLoaderViewController.swift; sourceTree = "<group>"; };
		713B9C7A243D0964001F6E3A /* DemoPagerController.swift */ = {isa = PBXFileReference; fileEncoding = 4; lastKnownFileType = sourcecode.swift; path = DemoPagerController.swift; sourceTree = "<group>"; };
		713B9C7B243D0964001F6E3A /* DemoViewController.swift */ = {isa = PBXFileReference; fileEncoding = 4; lastKnownFileType = sourcecode.swift; path = DemoViewController.swift; sourceTree = "<group>"; };
		713B9C7C243D0964001F6E3A /* DemoTabBarController.swift */ = {isa = PBXFileReference; fileEncoding = 4; lastKnownFileType = sourcecode.swift; path = DemoTabBarController.swift; sourceTree = "<group>"; };
		713B9C7D243D0964001F6E3A /* DemoTableViewController.swift */ = {isa = PBXFileReference; fileEncoding = 4; lastKnownFileType = sourcecode.swift; path = DemoTableViewController.swift; sourceTree = "<group>"; };
		714848D924485CCA00455560 /* DemoOthersViewController.swift */ = {isa = PBXFileReference; lastKnownFileType = sourcecode.swift; path = DemoOthersViewController.swift; sourceTree = "<group>"; };
		714848DB24485CE500455560 /* DemoUtilsViewController.swift */ = {isa = PBXFileReference; lastKnownFileType = sourcecode.swift; path = DemoUtilsViewController.swift; sourceTree = "<group>"; };
		715260672446E93900119B0A /* DemoArchitecturesCleanRouter.swift */ = {isa = PBXFileReference; lastKnownFileType = sourcecode.swift; path = DemoArchitecturesCleanRouter.swift; sourceTree = "<group>"; };
		715692B8243E58E700B4613C /* DemoShimmerPaginationTableViewController.swift */ = {isa = PBXFileReference; lastKnownFileType = sourcecode.swift; path = DemoShimmerPaginationTableViewController.swift; sourceTree = "<group>"; };
		715891112446377D003200C7 /* DemoArchitecturesCleanViewController.swift */ = {isa = PBXFileReference; lastKnownFileType = sourcecode.swift; path = DemoArchitecturesCleanViewController.swift; sourceTree = "<group>"; };
		71589113244639F2003200C7 /* DemoArchitecturesCleanAssembly.swift */ = {isa = PBXFileReference; lastKnownFileType = sourcecode.swift; path = DemoArchitecturesCleanAssembly.swift; sourceTree = "<group>"; };
		7158911524463B18003200C7 /* DemoArchitecturesCleanInteractor.swift */ = {isa = PBXFileReference; lastKnownFileType = sourcecode.swift; path = DemoArchitecturesCleanInteractor.swift; sourceTree = "<group>"; };
		7158911724463B86003200C7 /* DemoArchitecturesCleanModels.swift */ = {isa = PBXFileReference; lastKnownFileType = sourcecode.swift; path = DemoArchitecturesCleanModels.swift; sourceTree = "<group>"; };
		7158911924463C2F003200C7 /* DemoArchitecturesCleanPresenter.swift */ = {isa = PBXFileReference; lastKnownFileType = sourcecode.swift; path = DemoArchitecturesCleanPresenter.swift; sourceTree = "<group>"; };
		715B7AAD2446FA7900754EDB /* DemoArchitecturesCleanWorker.swift */ = {isa = PBXFileReference; lastKnownFileType = sourcecode.swift; path = DemoArchitecturesCleanWorker.swift; sourceTree = "<group>"; };
		715B7ADB2446FD1500754EDB /* DemoArchitecturesCleanSummaryPresenter.swift */ = {isa = PBXFileReference; lastKnownFileType = sourcecode.swift; path = DemoArchitecturesCleanSummaryPresenter.swift; sourceTree = "<group>"; };
		715B7ADC2446FD1500754EDB /* DemoArchitecturesCleanSummaryWorker.swift */ = {isa = PBXFileReference; lastKnownFileType = sourcecode.swift; path = DemoArchitecturesCleanSummaryWorker.swift; sourceTree = "<group>"; };
		715B7ADD2446FD1500754EDB /* DemoArchitecturesCleanSummaryRouter.swift */ = {isa = PBXFileReference; lastKnownFileType = sourcecode.swift; path = DemoArchitecturesCleanSummaryRouter.swift; sourceTree = "<group>"; };
		715B7ADE2446FD1500754EDB /* DemoArchitecturesCleanSummaryModels.swift */ = {isa = PBXFileReference; lastKnownFileType = sourcecode.swift; path = DemoArchitecturesCleanSummaryModels.swift; sourceTree = "<group>"; };
		715B7ADF2446FD1500754EDB /* DemoArchitecturesCleanSummaryViewController.swift */ = {isa = PBXFileReference; lastKnownFileType = sourcecode.swift; path = DemoArchitecturesCleanSummaryViewController.swift; sourceTree = "<group>"; };
		715B7AE02446FD1500754EDB /* DemoArchitecturesCleanSummaryAssembly.swift */ = {isa = PBXFileReference; lastKnownFileType = sourcecode.swift; path = DemoArchitecturesCleanSummaryAssembly.swift; sourceTree = "<group>"; };
		715B7AE12446FD1500754EDB /* DemoArchitecturesCleanSummaryInteractor.swift */ = {isa = PBXFileReference; lastKnownFileType = sourcecode.swift; path = DemoArchitecturesCleanSummaryInteractor.swift; sourceTree = "<group>"; };
		715B7B0B2447379200754EDB /* DemoTransitionViewController.swift */ = {isa = PBXFileReference; lastKnownFileType = sourcecode.swift; path = DemoTransitionViewController.swift; sourceTree = "<group>"; };
		716991FE2445A76D00A8FA79 /* Api.framework */ = {isa = PBXFileReference; explicitFileType = wrapper.framework; path = Api.framework; sourceTree = BUILT_PRODUCTS_DIR; };
		71929C0624499DD400AB93F1 /* DemoSocialKitGoogleTableViewController.swift */ = {isa = PBXFileReference; lastKnownFileType = sourcecode.swift; path = DemoSocialKitGoogleTableViewController.swift; sourceTree = "<group>"; };
		719469C3243DB01D00CAD09B /* DemoShimmerViewController.swift */ = {isa = PBXFileReference; lastKnownFileType = sourcecode.swift; path = DemoShimmerViewController.swift; sourceTree = "<group>"; };
		719469C7243DB66A00CAD09B /* Anchor.framework */ = {isa = PBXFileReference; explicitFileType = wrapper.framework; path = Anchor.framework; sourceTree = BUILT_PRODUCTS_DIR; };
		719469CA243DB66E00CAD09B /* Injector.framework */ = {isa = PBXFileReference; explicitFileType = wrapper.framework; path = Injector.framework; sourceTree = BUILT_PRODUCTS_DIR; };
		719469CD243DB67100CAD09B /* Utils.framework */ = {isa = PBXFileReference; explicitFileType = wrapper.framework; path = Utils.framework; sourceTree = BUILT_PRODUCTS_DIR; };
		719469D0243DB67400CAD09B /* Validators.framework */ = {isa = PBXFileReference; explicitFileType = wrapper.framework; path = Validators.framework; sourceTree = BUILT_PRODUCTS_DIR; };
		719469D3243DBC6800CAD09B /* Utils.swift */ = {isa = PBXFileReference; lastKnownFileType = sourcecode.swift; path = Utils.swift; sourceTree = "<group>"; };
		719469D5243DC11000CAD09B /* DemoShimmerTableViewController.swift */ = {isa = PBXFileReference; lastKnownFileType = sourcecode.swift; path = DemoShimmerTableViewController.swift; sourceTree = "<group>"; };
		71BB61EA2445C651002BB31F /* Network.framework */ = {isa = PBXFileReference; explicitFileType = wrapper.framework; path = Network.framework; sourceTree = BUILT_PRODUCTS_DIR; };
		71BB61EE2445C6E7002BB31F /* DemoNetworkGetViewController.swift */ = {isa = PBXFileReference; lastKnownFileType = sourcecode.swift; path = DemoNetworkGetViewController.swift; sourceTree = "<group>"; };
		71BB61F22445DC59002BB31F /* Network.framework */ = {isa = PBXFileReference; lastKnownFileType = wrapper.framework; name = Network.framework; path = Platforms/MacOSX.platform/Developer/SDKs/MacOSX10.15.sdk/System/Library/Frameworks/Network.framework; sourceTree = DEVELOPER_DIR; };
		71BB623E2445DD9F002BB31F /* Networking.framework */ = {isa = PBXFileReference; explicitFileType = wrapper.framework; path = Networking.framework; sourceTree = BUILT_PRODUCTS_DIR; };
		71BB62782445EA7F002BB31F /* Logger.framework */ = {isa = PBXFileReference; explicitFileType = wrapper.framework; path = Logger.framework; sourceTree = BUILT_PRODUCTS_DIR; };
		71BB62802445F7C7002BB31F /* DemoNetworkImageViewController.swift */ = {isa = PBXFileReference; lastKnownFileType = sourcecode.swift; path = DemoNetworkImageViewController.swift; sourceTree = "<group>"; };
/* End PBXFileReference section */

/* Begin PBXFrameworksBuildPhase section */
		713B9BF0243D08E0001F6E3A /* Frameworks */ = {
			isa = PBXFrameworksBuildPhase;
			buildActionMask = 2147483647;
			files = (
				719469CE243DB67100CAD09B /* Utils.framework in Frameworks */,
				71BB62792445EA7F002BB31F /* Logger.framework in Frameworks */,
				7132963124487ADC006935C0 /* SocialKit.framework in Frameworks */,
				713B9C65243D0947001F6E3A /* Forms.framework in Frameworks */,
				71BB623F2445DD9F002BB31F /* Networking.framework in Frameworks */,
				719469D1243DB67400CAD09B /* Validators.framework in Frameworks */,
				719469C8243DB66A00CAD09B /* Anchor.framework in Frameworks */,
				719469CB243DB66E00CAD09B /* Injector.framework in Frameworks */,
			);
			runOnlyForDeploymentPostprocessing = 0;
		};
		713B9BF9243D08E0001F6E3A /* Frameworks */ = {
			isa = PBXFrameworksBuildPhase;
			buildActionMask = 2147483647;
			files = (
			);
			runOnlyForDeploymentPostprocessing = 0;
		};
/* End PBXFrameworksBuildPhase section */

/* Begin PBXGroup section */
		7103184B244636C200BB63D4 /* Architectuers */ = {
			isa = PBXGroup;
			children = (
				715260692446EEC100119B0A /* DemoArchitecturesClean */,
			);
			path = Architectuers;
			sourceTree = "<group>";
		};
		7132964524487EC5006935C0 /* SocialKit */ = {
			isa = PBXGroup;
			children = (
				7132969A2448A609006935C0 /* DemoSocialKitAllTableViewController.swift */,
				7132964624487ED0006935C0 /* DemoSocialKitAppleTableViewController.swift */,
				7132968924489F8F006935C0 /* DemoSocialKitFacebookTableViewController.swift */,
				71929C0624499DD400AB93F1 /* DemoSocialKitGoogleTableViewController.swift */,
			);
			path = SocialKit;
			sourceTree = "<group>";
		};
		713B9BE9243D08E0001F6E3A = {
			isa = PBXGroup;
			children = (
				713B9BF5243D08E0001F6E3A /* FormsDemo */,
				713B9C2E243D0906001F6E3A /* FormsDemoTests.xctest */,
				713B9C3D243D093D001F6E3A /* FormsDemo.framework */,
				713B9C63243D0947001F6E3A /* Frameworks */,
			);
			sourceTree = "<group>";
		};
		713B9BF5243D08E0001F6E3A /* FormsDemo */ = {
			isa = PBXGroup;
			children = (
				713B9C16243D08F2001F6E3A /* Source */,
				713B9BF6243D08E0001F6E3A /* FormsDemo.h */,
				713B9BF7243D08E0001F6E3A /* Info.plist */,
			);
			path = FormsDemo;
			sourceTree = "<group>";
		};
		713B9C16243D08F2001F6E3A /* Source */ = {
			isa = PBXGroup;
			children = (
				713B9C72243D0964001F6E3A /* DemoRootViewController.swift */,
				713B9C79243D0964001F6E3A /* Controllers */,
				713B9C68243D0964001F6E3A /* Components */,
				713B9C73243D0964001F6E3A /* Utils */,
				7103184B244636C200BB63D4 /* Architectuers */,
				719469D3243DBC6800CAD09B /* Utils.swift */,
			);
			path = Source;
			sourceTree = "<group>";
		};
		713B9C63243D0947001F6E3A /* Frameworks */ = {
			isa = PBXGroup;
			children = (
				7132963024487ADC006935C0 /* SocialKit.framework */,
				71BB62782445EA7F002BB31F /* Logger.framework */,
				71BB623E2445DD9F002BB31F /* Networking.framework */,
				71BB61EA2445C651002BB31F /* Network.framework */,
				71BB61F22445DC59002BB31F /* Network.framework */,
				716991FE2445A76D00A8FA79 /* Api.framework */,
				719469D0243DB67400CAD09B /* Validators.framework */,
				719469CD243DB67100CAD09B /* Utils.framework */,
				719469CA243DB66E00CAD09B /* Injector.framework */,
				719469C7243DB66A00CAD09B /* Anchor.framework */,
				713B9C64243D0947001F6E3A /* Forms.framework */,
			);
			name = Frameworks;
			sourceTree = "<group>";
		};
		713B9C68243D0964001F6E3A /* Components */ = {
			isa = PBXGroup;
			children = (
				713B9C69243D0964001F6E3A /* Buttons */,
				713B9C70243D0964001F6E3A /* Inputs */,
				713B9C6E243D0964001F6E3A /* Labels */,
				713B9C6B243D0964001F6E3A /* NavigationBars */,
				714848D724485C9E00455560 /* Others */,
				714848D824485CB600455560 /* Utils */,
			);
			path = Components;
			sourceTree = "<group>";
		};
		713B9C69243D0964001F6E3A /* Buttons */ = {
			isa = PBXGroup;
			children = (
				713B9C6A243D0964001F6E3A /* DemoPrimaryButtonViewController.swift */,
			);
			path = Buttons;
			sourceTree = "<group>";
		};
		713B9C6B243D0964001F6E3A /* NavigationBars */ = {
			isa = PBXGroup;
			children = (
				713B9C6C243D0964001F6E3A /* DemoNavigationBarWithBackOrCloseViewController.swift */,
				713B9C6D243D0964001F6E3A /* DemoNavigationBarViewController.swift */,
			);
			path = NavigationBars;
			sourceTree = "<group>";
		};
		713B9C6E243D0964001F6E3A /* Labels */ = {
			isa = PBXGroup;
			children = (
				713B9C6F243D0964001F6E3A /* DemoLabelsViewController.swift */,
			);
			path = Labels;
			sourceTree = "<group>";
		};
		713B9C70243D0964001F6E3A /* Inputs */ = {
			isa = PBXGroup;
			children = (
				713B9C71243D0964001F6E3A /* DemoTitleTextFieldViewController.swift */,
			);
			path = Inputs;
			sourceTree = "<group>";
		};
		713B9C73243D0964001F6E3A /* Utils */ = {
			isa = PBXGroup;
			children = (
				71BB61ED2445C6DD002BB31F /* Network */,
				71D39CCE244455F1006BED33 /* Shimmer */,
				7132964524487EC5006935C0 /* SocialKit */,
				713B9C77243D0964001F6E3A /* DemoAttributedStringViewController.swift */,
				713B9C78243D0964001F6E3A /* DemoLoaderViewController.swift */,
				713B9C74243D0964001F6E3A /* DemoModalViewController.swift */,
				713B9C75243D0964001F6E3A /* DemoToastViewController.swift */,
				715B7B0B2447379200754EDB /* DemoTransitionViewController.swift */,
				713B9C76243D0964001F6E3A /* DemoValidatorsViewController.swift */,
			);
			path = Utils;
			sourceTree = "<group>";
		};
		713B9C79243D0964001F6E3A /* Controllers */ = {
			isa = PBXGroup;
			children = (
				713B9C7A243D0964001F6E3A /* DemoPagerController.swift */,
				713B9C7B243D0964001F6E3A /* DemoViewController.swift */,
				713B9C7C243D0964001F6E3A /* DemoTabBarController.swift */,
				713B9C7D243D0964001F6E3A /* DemoTableViewController.swift */,
			);
			path = Controllers;
			sourceTree = "<group>";
		};
		714848D724485C9E00455560 /* Others */ = {
			isa = PBXGroup;
			children = (
				714848D924485CCA00455560 /* DemoOthersViewController.swift */,
			);
			path = Others;
			sourceTree = "<group>";
		};
		714848D824485CB600455560 /* Utils */ = {
			isa = PBXGroup;
			children = (
				714848DB24485CE500455560 /* DemoUtilsViewController.swift */,
			);
			path = Utils;
			sourceTree = "<group>";
		};
		715260692446EEC100119B0A /* DemoArchitecturesClean */ = {
			isa = PBXGroup;
			children = (
				715B7A922446F30100754EDB /* Summary */,
				71589113244639F2003200C7 /* DemoArchitecturesCleanAssembly.swift */,
				7158911724463B86003200C7 /* DemoArchitecturesCleanModels.swift */,
				7158911524463B18003200C7 /* DemoArchitecturesCleanInteractor.swift */,
				7158911924463C2F003200C7 /* DemoArchitecturesCleanPresenter.swift */,
				715260672446E93900119B0A /* DemoArchitecturesCleanRouter.swift */,
				715891112446377D003200C7 /* DemoArchitecturesCleanViewController.swift */,
				715B7AAD2446FA7900754EDB /* DemoArchitecturesCleanWorker.swift */,
			);
			path = DemoArchitecturesClean;
			sourceTree = "<group>";
		};
		715B7A922446F30100754EDB /* Summary */ = {
			isa = PBXGroup;
			children = (
				715B7AE02446FD1500754EDB /* DemoArchitecturesCleanSummaryAssembly.swift */,
				715B7ADE2446FD1500754EDB /* DemoArchitecturesCleanSummaryModels.swift */,
				715B7AE12446FD1500754EDB /* DemoArchitecturesCleanSummaryInteractor.swift */,
				715B7ADB2446FD1500754EDB /* DemoArchitecturesCleanSummaryPresenter.swift */,
				715B7ADD2446FD1500754EDB /* DemoArchitecturesCleanSummaryRouter.swift */,
				715B7ADF2446FD1500754EDB /* DemoArchitecturesCleanSummaryViewController.swift */,
				715B7ADC2446FD1500754EDB /* DemoArchitecturesCleanSummaryWorker.swift */,
			);
			path = Summary;
			sourceTree = "<group>";
		};
		71BB61ED2445C6DD002BB31F /* Network */ = {
			isa = PBXGroup;
			children = (
				71BB61EE2445C6E7002BB31F /* DemoNetworkGetViewController.swift */,
				71BB62802445F7C7002BB31F /* DemoNetworkImageViewController.swift */,
			);
			path = Network;
			sourceTree = "<group>";
		};
		71D39CCE244455F1006BED33 /* Shimmer */ = {
			isa = PBXGroup;
			children = (
				715692B8243E58E700B4613C /* DemoShimmerPaginationTableViewController.swift */,
				719469C3243DB01D00CAD09B /* DemoShimmerViewController.swift */,
				719469D5243DC11000CAD09B /* DemoShimmerTableViewController.swift */,
			);
			path = Shimmer;
			sourceTree = "<group>";
		};
/* End PBXGroup section */

/* Begin PBXHeadersBuildPhase section */
		713B9BEE243D08E0001F6E3A /* Headers */ = {
			isa = PBXHeadersBuildPhase;
			buildActionMask = 2147483647;
			files = (
				713B9C04243D08E0001F6E3A /* FormsDemo.h in Headers */,
			);
			runOnlyForDeploymentPostprocessing = 0;
		};
/* End PBXHeadersBuildPhase section */

/* Begin PBXNativeTarget section */
		713B9BF2243D08E0001F6E3A /* FormsDemo */ = {
			isa = PBXNativeTarget;
			buildConfigurationList = 713B9C07243D08E0001F6E3A /* Build configuration list for PBXNativeTarget "FormsDemo" */;
			buildPhases = (
				713B9BEE243D08E0001F6E3A /* Headers */,
				713B9BEF243D08E0001F6E3A /* Sources */,
				713B9BF0243D08E0001F6E3A /* Frameworks */,
				713B9BF1243D08E0001F6E3A /* Resources */,
				713B9C67243D0948001F6E3A /* Embed Frameworks */,
			);
			buildRules = (
			);
			dependencies = (
			);
			name = FormsDemo;
			productName = FormsDemo;
			productReference = 713B9C3D243D093D001F6E3A /* FormsDemo.framework */;
			productType = "com.apple.product-type.framework";
		};
		713B9BFB243D08E0001F6E3A /* FormsDemoTests */ = {
			isa = PBXNativeTarget;
			buildConfigurationList = 713B9C0A243D08E0001F6E3A /* Build configuration list for PBXNativeTarget "FormsDemoTests" */;
			buildPhases = (
				713B9BF8243D08E0001F6E3A /* Sources */,
				713B9BF9243D08E0001F6E3A /* Frameworks */,
				713B9BFA243D08E0001F6E3A /* Resources */,
			);
			buildRules = (
			);
			dependencies = (
				713B9BFF243D08E0001F6E3A /* PBXTargetDependency */,
			);
			name = FormsDemoTests;
			productName = FormsDemoTests;
			productReference = 713B9C2E243D0906001F6E3A /* FormsDemoTests.xctest */;
			productType = "com.apple.product-type.bundle.unit-test";
		};
/* End PBXNativeTarget section */

/* Begin PBXProject section */
		713B9BEA243D08E0001F6E3A /* Project object */ = {
			isa = PBXProject;
			attributes = {
				LastSwiftUpdateCheck = 1140;
				LastUpgradeCheck = 1140;
				ORGANIZATIONNAME = Limbo;
				TargetAttributes = {
					713B9BF2243D08E0001F6E3A = {
						CreatedOnToolsVersion = 11.4;
						LastSwiftMigration = 1140;
					};
					713B9BFB243D08E0001F6E3A = {
						CreatedOnToolsVersion = 11.4;
					};
				};
			};
			buildConfigurationList = 713B9BED243D08E0001F6E3A /* Build configuration list for PBXProject "FormsDemo" */;
			compatibilityVersion = "Xcode 9.3";
			developmentRegion = en;
			hasScannedForEncodings = 0;
			knownRegions = (
				en,
				Base,
			);
			mainGroup = 713B9BE9243D08E0001F6E3A;
			productRefGroup = 713B9BE9243D08E0001F6E3A;
			projectDirPath = "";
			projectRoot = "";
			targets = (
				713B9BF2243D08E0001F6E3A /* FormsDemo */,
				713B9BFB243D08E0001F6E3A /* FormsDemoTests */,
			);
		};
/* End PBXProject section */

/* Begin PBXResourcesBuildPhase section */
		713B9BF1243D08E0001F6E3A /* Resources */ = {
			isa = PBXResourcesBuildPhase;
			buildActionMask = 2147483647;
			files = (
			);
			runOnlyForDeploymentPostprocessing = 0;
		};
		713B9BFA243D08E0001F6E3A /* Resources */ = {
			isa = PBXResourcesBuildPhase;
			buildActionMask = 2147483647;
			files = (
			);
			runOnlyForDeploymentPostprocessing = 0;
		};
/* End PBXResourcesBuildPhase section */

/* Begin PBXSourcesBuildPhase section */
		713B9BEF243D08E0001F6E3A /* Sources */ = {
			isa = PBXSourcesBuildPhase;
			buildActionMask = 2147483647;
			files = (
				715B7AE82446FD1500754EDB /* DemoArchitecturesCleanSummaryInteractor.swift in Sources */,
				71929C0724499DD400AB93F1 /* DemoSocialKitGoogleTableViewController.swift in Sources */,
				714848DC24485CE500455560 /* DemoUtilsViewController.swift in Sources */,
				71589114244639F2003200C7 /* DemoArchitecturesCleanAssembly.swift in Sources */,
				713B9C84243D0964001F6E3A /* DemoModalViewController.swift in Sources */,
				713B9C81243D0964001F6E3A /* DemoLabelsViewController.swift in Sources */,
				713B9C7F243D0964001F6E3A /* DemoNavigationBarWithBackOrCloseViewController.swift in Sources */,
				715B7AE22446FD1500754EDB /* DemoArchitecturesCleanSummaryPresenter.swift in Sources */,
				719469C4243DB01D00CAD09B /* DemoShimmerViewController.swift in Sources */,
				713B9C80243D0964001F6E3A /* DemoNavigationBarViewController.swift in Sources */,
				713B9C89243D0964001F6E3A /* DemoPagerController.swift in Sources */,
				7132968A24489F8F006935C0 /* DemoSocialKitFacebookTableViewController.swift in Sources */,
				715B7AE72446FD1500754EDB /* DemoArchitecturesCleanSummaryAssembly.swift in Sources */,
				715B7AE62446FD1500754EDB /* DemoArchitecturesCleanSummaryViewController.swift in Sources */,
				713B9C8C243D0964001F6E3A /* DemoTableViewController.swift in Sources */,
				713B9C7E243D0964001F6E3A /* DemoPrimaryButtonViewController.swift in Sources */,
				719469D6243DC11000CAD09B /* DemoShimmerTableViewController.swift in Sources */,
				7132969B2448A609006935C0 /* DemoSocialKitAllTableViewController.swift in Sources */,
				7158911624463B18003200C7 /* DemoArchitecturesCleanInteractor.swift in Sources */,
				7158911824463B86003200C7 /* DemoArchitecturesCleanModels.swift in Sources */,
				71BB62812445F7C7002BB31F /* DemoNetworkImageViewController.swift in Sources */,
				715B7AE32446FD1500754EDB /* DemoArchitecturesCleanSummaryWorker.swift in Sources */,
				713B9C8B243D0964001F6E3A /* DemoTabBarController.swift in Sources */,
				715B7AE42446FD1500754EDB /* DemoArchitecturesCleanSummaryRouter.swift in Sources */,
				719469D4243DBC6800CAD09B /* Utils.swift in Sources */,
				715891122446377D003200C7 /* DemoArchitecturesCleanViewController.swift in Sources */,
				71BB61EF2445C6E7002BB31F /* DemoNetworkGetViewController.swift in Sources */,
				715B7AE52446FD1500754EDB /* DemoArchitecturesCleanSummaryModels.swift in Sources */,
				713B9C8A243D0964001F6E3A /* DemoViewController.swift in Sources */,
				714848DA24485CCA00455560 /* DemoOthersViewController.swift in Sources */,
				715260682446E93900119B0A /* DemoArchitecturesCleanRouter.swift in Sources */,
				715692B9243E58E700B4613C /* DemoShimmerPaginationTableViewController.swift in Sources */,
				713B9C88243D0964001F6E3A /* DemoLoaderViewController.swift in Sources */,
				713B9C86243D0964001F6E3A /* DemoValidatorsViewController.swift in Sources */,
				713B9C87243D0964001F6E3A /* DemoAttributedStringViewController.swift in Sources */,
				7132964724487ED0006935C0 /* DemoSocialKitAppleTableViewController.swift in Sources */,
				7158911A24463C2F003200C7 /* DemoArchitecturesCleanPresenter.swift in Sources */,
				713B9C82243D0964001F6E3A /* DemoTitleTextFieldViewController.swift in Sources */,
				715B7B0C2447379200754EDB /* DemoTransitionViewController.swift in Sources */,
				715B7AAE2446FA7900754EDB /* DemoArchitecturesCleanWorker.swift in Sources */,
				713B9C83243D0964001F6E3A /* DemoRootViewController.swift in Sources */,
				713B9C85243D0964001F6E3A /* DemoToastViewController.swift in Sources */,
			);
			runOnlyForDeploymentPostprocessing = 0;
		};
		713B9BF8243D08E0001F6E3A /* Sources */ = {
			isa = PBXSourcesBuildPhase;
			buildActionMask = 2147483647;
			files = (
			);
			runOnlyForDeploymentPostprocessing = 0;
		};
/* End PBXSourcesBuildPhase section */

/* Begin PBXTargetDependency section */
		713B9BFF243D08E0001F6E3A /* PBXTargetDependency */ = {
			isa = PBXTargetDependency;
			target = 713B9BF2243D08E0001F6E3A /* FormsDemo */;
			targetProxy = 713B9BFE243D08E0001F6E3A /* PBXContainerItemProxy */;
		};
/* End PBXTargetDependency section */

/* Begin XCBuildConfiguration section */
		713B9C05243D08E0001F6E3A /* Debug */ = {
			isa = XCBuildConfiguration;
			buildSettings = {
				ALWAYS_SEARCH_USER_PATHS = NO;
				CLANG_ANALYZER_NONNULL = YES;
				CLANG_ANALYZER_NUMBER_OBJECT_CONVERSION = YES_AGGRESSIVE;
				CLANG_CXX_LANGUAGE_STANDARD = "gnu++14";
				CLANG_CXX_LIBRARY = "libc++";
				CLANG_ENABLE_MODULES = YES;
				CLANG_ENABLE_OBJC_ARC = YES;
				CLANG_ENABLE_OBJC_WEAK = YES;
				CLANG_WARN_BLOCK_CAPTURE_AUTORELEASING = YES;
				CLANG_WARN_BOOL_CONVERSION = YES;
				CLANG_WARN_COMMA = YES;
				CLANG_WARN_CONSTANT_CONVERSION = YES;
				CLANG_WARN_DEPRECATED_OBJC_IMPLEMENTATIONS = YES;
				CLANG_WARN_DIRECT_OBJC_ISA_USAGE = YES_ERROR;
				CLANG_WARN_DOCUMENTATION_COMMENTS = YES;
				CLANG_WARN_EMPTY_BODY = YES;
				CLANG_WARN_ENUM_CONVERSION = YES;
				CLANG_WARN_INFINITE_RECURSION = YES;
				CLANG_WARN_INT_CONVERSION = YES;
				CLANG_WARN_NON_LITERAL_NULL_CONVERSION = YES;
				CLANG_WARN_OBJC_IMPLICIT_RETAIN_SELF = YES;
				CLANG_WARN_OBJC_LITERAL_CONVERSION = YES;
				CLANG_WARN_OBJC_ROOT_CLASS = YES_ERROR;
				CLANG_WARN_RANGE_LOOP_ANALYSIS = YES;
				CLANG_WARN_STRICT_PROTOTYPES = YES;
				CLANG_WARN_SUSPICIOUS_MOVE = YES;
				CLANG_WARN_UNGUARDED_AVAILABILITY = YES_AGGRESSIVE;
				CLANG_WARN_UNREACHABLE_CODE = YES;
				CLANG_WARN__DUPLICATE_METHOD_MATCH = YES;
				COPY_PHASE_STRIP = NO;
				CURRENT_PROJECT_VERSION = 1;
				DEBUG_INFORMATION_FORMAT = dwarf;
				ENABLE_STRICT_OBJC_MSGSEND = YES;
				ENABLE_TESTABILITY = YES;
				GCC_C_LANGUAGE_STANDARD = gnu11;
				GCC_DYNAMIC_NO_PIC = NO;
				GCC_NO_COMMON_BLOCKS = YES;
				GCC_OPTIMIZATION_LEVEL = 0;
				GCC_PREPROCESSOR_DEFINITIONS = (
					"DEBUG=1",
					"$(inherited)",
				);
				GCC_WARN_64_TO_32_BIT_CONVERSION = YES;
				GCC_WARN_ABOUT_RETURN_TYPE = YES_ERROR;
				GCC_WARN_UNDECLARED_SELECTOR = YES;
				GCC_WARN_UNINITIALIZED_AUTOS = YES_AGGRESSIVE;
				GCC_WARN_UNUSED_FUNCTION = YES;
				GCC_WARN_UNUSED_VARIABLE = YES;
				IPHONEOS_DEPLOYMENT_TARGET = 13.4;
				MTL_ENABLE_DEBUG_INFO = INCLUDE_SOURCE;
				MTL_FAST_MATH = YES;
				ONLY_ACTIVE_ARCH = YES;
				SDKROOT = iphoneos;
				SWIFT_ACTIVE_COMPILATION_CONDITIONS = DEBUG;
				SWIFT_OPTIMIZATION_LEVEL = "-Onone";
				VERSIONING_SYSTEM = "apple-generic";
				VERSION_INFO_PREFIX = "";
			};
			name = Debug;
		};
		713B9C06243D08E0001F6E3A /* Release */ = {
			isa = XCBuildConfiguration;
			buildSettings = {
				ALWAYS_SEARCH_USER_PATHS = NO;
				CLANG_ANALYZER_NONNULL = YES;
				CLANG_ANALYZER_NUMBER_OBJECT_CONVERSION = YES_AGGRESSIVE;
				CLANG_CXX_LANGUAGE_STANDARD = "gnu++14";
				CLANG_CXX_LIBRARY = "libc++";
				CLANG_ENABLE_MODULES = YES;
				CLANG_ENABLE_OBJC_ARC = YES;
				CLANG_ENABLE_OBJC_WEAK = YES;
				CLANG_WARN_BLOCK_CAPTURE_AUTORELEASING = YES;
				CLANG_WARN_BOOL_CONVERSION = YES;
				CLANG_WARN_COMMA = YES;
				CLANG_WARN_CONSTANT_CONVERSION = YES;
				CLANG_WARN_DEPRECATED_OBJC_IMPLEMENTATIONS = YES;
				CLANG_WARN_DIRECT_OBJC_ISA_USAGE = YES_ERROR;
				CLANG_WARN_DOCUMENTATION_COMMENTS = YES;
				CLANG_WARN_EMPTY_BODY = YES;
				CLANG_WARN_ENUM_CONVERSION = YES;
				CLANG_WARN_INFINITE_RECURSION = YES;
				CLANG_WARN_INT_CONVERSION = YES;
				CLANG_WARN_NON_LITERAL_NULL_CONVERSION = YES;
				CLANG_WARN_OBJC_IMPLICIT_RETAIN_SELF = YES;
				CLANG_WARN_OBJC_LITERAL_CONVERSION = YES;
				CLANG_WARN_OBJC_ROOT_CLASS = YES_ERROR;
				CLANG_WARN_RANGE_LOOP_ANALYSIS = YES;
				CLANG_WARN_STRICT_PROTOTYPES = YES;
				CLANG_WARN_SUSPICIOUS_MOVE = YES;
				CLANG_WARN_UNGUARDED_AVAILABILITY = YES_AGGRESSIVE;
				CLANG_WARN_UNREACHABLE_CODE = YES;
				CLANG_WARN__DUPLICATE_METHOD_MATCH = YES;
				COPY_PHASE_STRIP = NO;
				CURRENT_PROJECT_VERSION = 1;
				DEBUG_INFORMATION_FORMAT = "dwarf-with-dsym";
				ENABLE_NS_ASSERTIONS = NO;
				ENABLE_STRICT_OBJC_MSGSEND = YES;
				GCC_C_LANGUAGE_STANDARD = gnu11;
				GCC_NO_COMMON_BLOCKS = YES;
				GCC_WARN_64_TO_32_BIT_CONVERSION = YES;
				GCC_WARN_ABOUT_RETURN_TYPE = YES_ERROR;
				GCC_WARN_UNDECLARED_SELECTOR = YES;
				GCC_WARN_UNINITIALIZED_AUTOS = YES_AGGRESSIVE;
				GCC_WARN_UNUSED_FUNCTION = YES;
				GCC_WARN_UNUSED_VARIABLE = YES;
				IPHONEOS_DEPLOYMENT_TARGET = 13.4;
				MTL_ENABLE_DEBUG_INFO = NO;
				MTL_FAST_MATH = YES;
				SDKROOT = iphoneos;
				SWIFT_COMPILATION_MODE = wholemodule;
				SWIFT_OPTIMIZATION_LEVEL = "-O";
				VALIDATE_PRODUCT = YES;
				VERSIONING_SYSTEM = "apple-generic";
				VERSION_INFO_PREFIX = "";
			};
			name = Release;
		};
		713B9C08243D08E0001F6E3A /* Debug */ = {
			isa = XCBuildConfiguration;
			buildSettings = {
				CLANG_ENABLE_MODULES = YES;
				CODE_SIGN_STYLE = Automatic;
				DEFINES_MODULE = YES;
				DEVELOPMENT_TEAM = KB85VH6WG5;
				DYLIB_COMPATIBILITY_VERSION = 1;
				DYLIB_CURRENT_VERSION = 1;
				DYLIB_INSTALL_NAME_BASE = "@rpath";
				FRAMEWORK_SEARCH_PATHS = (
					"$(inherited)",
					"$(PROJECT_DIR)/../Dependencies",
				);
				INFOPLIST_FILE = FormsDemo/Info.plist;
				INSTALL_PATH = "$(LOCAL_LIBRARY_DIR)/Frameworks";
				IPHONEOS_DEPLOYMENT_TARGET = 13.0;
				LD_RUNPATH_SEARCH_PATHS = (
					"$(inherited)",
					"@executable_path/Frameworks",
					"@loader_path/Frameworks",
				);
				MARKETING_VERSION = 0.0.0;
				ONLY_ACTIVE_ARCH = NO;
				OTHER_LDFLAGS = "";
				PRODUCT_BUNDLE_IDENTIFIER = com.limbo.FormsDemo;
				PRODUCT_NAME = "$(TARGET_NAME:c99extidentifier)";
				SKIP_INSTALL = YES;
				SWIFT_OPTIMIZATION_LEVEL = "-Onone";
				SWIFT_VERSION = 5.0;
				TARGETED_DEVICE_FAMILY = "1,2";
			};
			name = Debug;
		};
		713B9C09243D08E0001F6E3A /* Release */ = {
			isa = XCBuildConfiguration;
			buildSettings = {
				CLANG_ENABLE_MODULES = YES;
				CODE_SIGN_STYLE = Automatic;
				DEFINES_MODULE = YES;
				DEVELOPMENT_TEAM = KB85VH6WG5;
				DYLIB_COMPATIBILITY_VERSION = 1;
				DYLIB_CURRENT_VERSION = 1;
				DYLIB_INSTALL_NAME_BASE = "@rpath";
				FRAMEWORK_SEARCH_PATHS = (
					"$(inherited)",
					"$(PROJECT_DIR)/../Dependencies",
				);
				INFOPLIST_FILE = FormsDemo/Info.plist;
				INSTALL_PATH = "$(LOCAL_LIBRARY_DIR)/Frameworks";
				IPHONEOS_DEPLOYMENT_TARGET = 13.0;
				LD_RUNPATH_SEARCH_PATHS = (
					"$(inherited)",
					"@executable_path/Frameworks",
					"@loader_path/Frameworks",
				);
				MARKETING_VERSION = 0.0.0;
				OTHER_LDFLAGS = "";
				PRODUCT_BUNDLE_IDENTIFIER = com.limbo.FormsDemo;
				PRODUCT_NAME = "$(TARGET_NAME:c99extidentifier)";
				SKIP_INSTALL = YES;
				SWIFT_VERSION = 5.0;
				TARGETED_DEVICE_FAMILY = "1,2";
			};
			name = Release;
		};
		713B9C0B243D08E0001F6E3A /* Debug */ = {
			isa = XCBuildConfiguration;
			buildSettings = {
				ALWAYS_EMBED_SWIFT_STANDARD_LIBRARIES = YES;
				CODE_SIGN_STYLE = Automatic;
				DEVELOPMENT_TEAM = KB85VH6WG5;
				INFOPLIST_FILE = FormsDemoTests/Info.plist;
				LD_RUNPATH_SEARCH_PATHS = (
					"$(inherited)",
					"@executable_path/Frameworks",
					"@loader_path/Frameworks",
				);
				PRODUCT_BUNDLE_IDENTIFIER = com.limbo.FormsDemoTests;
				PRODUCT_NAME = "$(TARGET_NAME)";
				SWIFT_VERSION = 5.0;
				TARGETED_DEVICE_FAMILY = "1,2";
			};
			name = Debug;
		};
		713B9C0C243D08E0001F6E3A /* Release */ = {
			isa = XCBuildConfiguration;
			buildSettings = {
				ALWAYS_EMBED_SWIFT_STANDARD_LIBRARIES = YES;
				CODE_SIGN_STYLE = Automatic;
				DEVELOPMENT_TEAM = KB85VH6WG5;
				INFOPLIST_FILE = FormsDemoTests/Info.plist;
				LD_RUNPATH_SEARCH_PATHS = (
					"$(inherited)",
					"@executable_path/Frameworks",
					"@loader_path/Frameworks",
				);
				PRODUCT_BUNDLE_IDENTIFIER = com.limbo.FormsDemoTests;
				PRODUCT_NAME = "$(TARGET_NAME)";
				SWIFT_VERSION = 5.0;
				TARGETED_DEVICE_FAMILY = "1,2";
			};
			name = Release;
		};
/* End XCBuildConfiguration section */

/* Begin XCConfigurationList section */
		713B9BED243D08E0001F6E3A /* Build configuration list for PBXProject "FormsDemo" */ = {
			isa = XCConfigurationList;
			buildConfigurations = (
				713B9C05243D08E0001F6E3A /* Debug */,
				713B9C06243D08E0001F6E3A /* Release */,
			);
			defaultConfigurationIsVisible = 0;
			defaultConfigurationName = Release;
		};
		713B9C07243D08E0001F6E3A /* Build configuration list for PBXNativeTarget "FormsDemo" */ = {
			isa = XCConfigurationList;
			buildConfigurations = (
				713B9C08243D08E0001F6E3A /* Debug */,
				713B9C09243D08E0001F6E3A /* Release */,
			);
			defaultConfigurationIsVisible = 0;
			defaultConfigurationName = Release;
		};
		713B9C0A243D08E0001F6E3A /* Build configuration list for PBXNativeTarget "FormsDemoTests" */ = {
			isa = XCConfigurationList;
			buildConfigurations = (
				713B9C0B243D08E0001F6E3A /* Debug */,
				713B9C0C243D08E0001F6E3A /* Release */,
			);
			defaultConfigurationIsVisible = 0;
			defaultConfigurationName = Release;
		};
/* End XCConfigurationList section */
	};
	rootObject = 713B9BEA243D08E0001F6E3A /* Project object */;
}
