// !$*UTF8*$!
{
	archiveVersion = 1;
	classes = {
	};
	objectVersion = 50;
	objects = {

/* Begin PBXBuildFile section */
		7103EA8024609DF900A11A96 /* Permission.framework in Frameworks */ = {isa = PBXBuildFile; fileRef = 7103EA6224609C3700A11A96 /* Permission.framework */; };
		7103EA8124609DF900A11A96 /* Permission.framework in Embed Frameworks */ = {isa = PBXBuildFile; fileRef = 7103EA6224609C3700A11A96 /* Permission.framework */; settings = {ATTRIBUTES = (CodeSignOnCopy, RemoveHeadersOnCopy, ); }; };
		71228E092431CF7F00D08B20 /* AppDelegate.swift in Sources */ = {isa = PBXBuildFile; fileRef = 71228E082431CF7F00D08B20 /* AppDelegate.swift */; };
		71228E0B2431CF7F00D08B20 /* SceneDelegate.swift in Sources */ = {isa = PBXBuildFile; fileRef = 71228E0A2431CF7F00D08B20 /* SceneDelegate.swift */; };
		71228E122431CF8100D08B20 /* Assets.xcassets in Resources */ = {isa = PBXBuildFile; fileRef = 71228E112431CF8100D08B20 /* Assets.xcassets */; };
		71228E2C2431CFBF00D08B20 /* LaunchScreen.storyboard in Resources */ = {isa = PBXBuildFile; fileRef = 71228E2B2431CFBF00D08B20 /* LaunchScreen.storyboard */; };
		719AE5512462B31F00A39B0E /* Notifications.framework in Frameworks */ = {isa = PBXBuildFile; fileRef = 719AE4C9246294FC00A39B0E /* Notifications.framework */; };
		719AE5522462B31F00A39B0E /* Notifications.framework in Embed Frameworks */ = {isa = PBXBuildFile; fileRef = 719AE4C9246294FC00A39B0E /* Notifications.framework */; settings = {ATTRIBUTES = (CodeSignOnCopy, RemoveHeadersOnCopy, ); }; };
		719AE5B12462C49C00A39B0E /* FBSDKCoreKit.framework in Frameworks */ = {isa = PBXBuildFile; fileRef = 719AE5692462C0F900A39B0E /* FBSDKCoreKit.framework */; };
		719AE5B22462C49C00A39B0E /* FBSDKCoreKit.framework in Embed Frameworks */ = {isa = PBXBuildFile; fileRef = 719AE5692462C0F900A39B0E /* FBSDKCoreKit.framework */; settings = {ATTRIBUTES = (CodeSignOnCopy, RemoveHeadersOnCopy, ); }; };
		719AE5B32462C49D00A39B0E /* FBSDKLoginKit.framework in Frameworks */ = {isa = PBXBuildFile; fileRef = 719AE55C2462C0F900A39B0E /* FBSDKLoginKit.framework */; };
		719AE5B42462C49D00A39B0E /* FBSDKLoginKit.framework in Embed Frameworks */ = {isa = PBXBuildFile; fileRef = 719AE55C2462C0F900A39B0E /* FBSDKLoginKit.framework */; settings = {ATTRIBUTES = (CodeSignOnCopy, RemoveHeadersOnCopy, ); }; };
		71CFF42E245956EE0067D13E /* SideMenu.framework in Frameworks */ = {isa = PBXBuildFile; fileRef = 71CFF41F245954B90067D13E /* SideMenu.framework */; };
		71CFF42F245956EE0067D13E /* SideMenu.framework in Embed Frameworks */ = {isa = PBXBuildFile; fileRef = 71CFF41F245954B90067D13E /* SideMenu.framework */; settings = {ATTRIBUTES = (CodeSignOnCopy, RemoveHeadersOnCopy, ); }; };
		71DB655A2457729800B16145 /* GoogleService-Info.plist in Resources */ = {isa = PBXBuildFile; fileRef = 71DB65592457729800B16145 /* GoogleService-Info.plist */; };
		71DB66AD24582A1E00B16145 /* Analytics.framework in Frameworks */ = {isa = PBXBuildFile; fileRef = 71DB5CC02457609100B16145 /* Analytics.framework */; };
		71DB66AE24582A1E00B16145 /* Analytics.framework in Embed Frameworks */ = {isa = PBXBuildFile; fileRef = 71DB5CC02457609100B16145 /* Analytics.framework */; settings = {ATTRIBUTES = (CodeSignOnCopy, RemoveHeadersOnCopy, ); }; };
		71DB66AF24582A1E00B16145 /* Anchor.framework in Frameworks */ = {isa = PBXBuildFile; fileRef = 713B9B17243D0417001F6E3A /* Anchor.framework */; };
		71DB66B024582A1E00B16145 /* Anchor.framework in Embed Frameworks */ = {isa = PBXBuildFile; fileRef = 713B9B17243D0417001F6E3A /* Anchor.framework */; settings = {ATTRIBUTES = (CodeSignOnCopy, RemoveHeadersOnCopy, ); }; };
		71DB66B124582A1E00B16145 /* DeveloperTools.framework in Frameworks */ = {isa = PBXBuildFile; fileRef = 7178026824543D2C0057E848 /* DeveloperTools.framework */; };
		71DB66B224582A1E00B16145 /* DeveloperTools.framework in Embed Frameworks */ = {isa = PBXBuildFile; fileRef = 7178026824543D2C0057E848 /* DeveloperTools.framework */; settings = {ATTRIBUTES = (CodeSignOnCopy, RemoveHeadersOnCopy, ); }; };
		71DB66B324582A1E00B16145 /* Forms.framework in Frameworks */ = {isa = PBXBuildFile; fileRef = 7194695C243DA7A900CAD09B /* Forms.framework */; };
		71DB66B424582A1E00B16145 /* Forms.framework in Embed Frameworks */ = {isa = PBXBuildFile; fileRef = 7194695C243DA7A900CAD09B /* Forms.framework */; settings = {ATTRIBUTES = (CodeSignOnCopy, RemoveHeadersOnCopy, ); }; };
		71DB66B524582A1E00B16145 /* ImagePicker.framework in Frameworks */ = {isa = PBXBuildFile; fileRef = 71DB663E245826C900B16145 /* ImagePicker.framework */; };
		71DB66B624582A1E00B16145 /* ImagePicker.framework in Embed Frameworks */ = {isa = PBXBuildFile; fileRef = 71DB663E245826C900B16145 /* ImagePicker.framework */; settings = {ATTRIBUTES = (CodeSignOnCopy, RemoveHeadersOnCopy, ); }; };
		71DB66B724582A1E00B16145 /* Injector.framework in Frameworks */ = {isa = PBXBuildFile; fileRef = 713B9B1E243D0417001F6E3A /* Injector.framework */; };
		71DB66B824582A1E00B16145 /* Injector.framework in Embed Frameworks */ = {isa = PBXBuildFile; fileRef = 713B9B1E243D0417001F6E3A /* Injector.framework */; settings = {ATTRIBUTES = (CodeSignOnCopy, RemoveHeadersOnCopy, ); }; };
		71DB66B924582A1E00B16145 /* Logger.framework in Frameworks */ = {isa = PBXBuildFile; fileRef = 71BB626B2445E7C6002BB31F /* Logger.framework */; };
		71DB66BA24582A1E00B16145 /* Logger.framework in Embed Frameworks */ = {isa = PBXBuildFile; fileRef = 71BB626B2445E7C6002BB31F /* Logger.framework */; settings = {ATTRIBUTES = (CodeSignOnCopy, RemoveHeadersOnCopy, ); }; };
		71DB66BB24582A1E00B16145 /* Networking.framework in Frameworks */ = {isa = PBXBuildFile; fileRef = 71BB621E2445DD17002BB31F /* Networking.framework */; };
		71DB66BC24582A1E00B16145 /* Networking.framework in Embed Frameworks */ = {isa = PBXBuildFile; fileRef = 71BB621E2445DD17002BB31F /* Networking.framework */; settings = {ATTRIBUTES = (CodeSignOnCopy, RemoveHeadersOnCopy, ); }; };
		71DB66BD24582A1E00B16145 /* SocialKit.framework in Frameworks */ = {isa = PBXBuildFile; fileRef = 7132962D24487AC3006935C0 /* SocialKit.framework */; };
		71DB66BE24582A1E00B16145 /* SocialKit.framework in Embed Frameworks */ = {isa = PBXBuildFile; fileRef = 7132962D24487AC3006935C0 /* SocialKit.framework */; settings = {ATTRIBUTES = (CodeSignOnCopy, RemoveHeadersOnCopy, ); }; };
		71DB66BF24582A1E00B16145 /* Transition.framework in Frameworks */ = {isa = PBXBuildFile; fileRef = 715B7B3724474C4700754EDB /* Transition.framework */; };
		71DB66C024582A1E00B16145 /* Transition.framework in Embed Frameworks */ = {isa = PBXBuildFile; fileRef = 715B7B3724474C4700754EDB /* Transition.framework */; settings = {ATTRIBUTES = (CodeSignOnCopy, RemoveHeadersOnCopy, ); }; };
		71DB66C124582A1E00B16145 /* Utils.framework in Frameworks */ = {isa = PBXBuildFile; fileRef = 713B9BA7243D0696001F6E3A /* Utils.framework */; };
		71DB66C224582A1E00B16145 /* Utils.framework in Embed Frameworks */ = {isa = PBXBuildFile; fileRef = 713B9BA7243D0696001F6E3A /* Utils.framework */; settings = {ATTRIBUTES = (CodeSignOnCopy, RemoveHeadersOnCopy, ); }; };
		71DB66C324582A1E00B16145 /* Validators.framework in Frameworks */ = {isa = PBXBuildFile; fileRef = 713B9B5B243D050F001F6E3A /* Validators.framework */; };
		71DB66C424582A1F00B16145 /* Validators.framework in Embed Frameworks */ = {isa = PBXBuildFile; fileRef = 713B9B5B243D050F001F6E3A /* Validators.framework */; settings = {ATTRIBUTES = (CodeSignOnCopy, RemoveHeadersOnCopy, ); }; };
		71EA6EC62449FC3300ACB5EE /* FormsDemo.framework in Frameworks */ = {isa = PBXBuildFile; fileRef = 713B9C13243D08E1001F6E3A /* FormsDemo.framework */; };
		71EA6EC72449FC3300ACB5EE /* FormsDemo.framework in Embed Frameworks */ = {isa = PBXBuildFile; fileRef = 713B9C13243D08E1001F6E3A /* FormsDemo.framework */; settings = {ATTRIBUTES = (CodeSignOnCopy, RemoveHeadersOnCopy, ); }; };
/* End PBXBuildFile section */

/* Begin PBXContainerItemProxy section */
		7103EA6124609C3700A11A96 /* PBXContainerItemProxy */ = {
			isa = PBXContainerItemProxy;
			containerPortal = 7103EA4924609C3700A11A96 /* Permission.xcodeproj */;
			proxyType = 2;
			remoteGlobalIDString = 7103EA2F24609C1B00A11A96;
			remoteInfo = Permission;
		};
		7103EA6324609C3700A11A96 /* PBXContainerItemProxy */ = {
			isa = PBXContainerItemProxy;
			containerPortal = 7103EA4924609C3700A11A96 /* Permission.xcodeproj */;
			proxyType = 2;
			remoteGlobalIDString = 7103EA3824609C1B00A11A96;
			remoteInfo = PermissionTests;
		};
		71228E1C2431CF8200D08B20 /* PBXContainerItemProxy */ = {
			isa = PBXContainerItemProxy;
			containerPortal = 71228DFD2431CF7F00D08B20 /* Project object */;
			proxyType = 1;
			remoteGlobalIDString = 71228E042431CF7F00D08B20;
			remoteInfo = FormsExample;
		};
		7132962C24487AC3006935C0 /* PBXContainerItemProxy */ = {
			isa = PBXContainerItemProxy;
			containerPortal = 7132962724487AC2006935C0 /* SocialKit.xcodeproj */;
			proxyType = 2;
			remoteGlobalIDString = 7132960D24487AC2006935C0;
			remoteInfo = SocialKit;
		};
		7132962E24487AC3006935C0 /* PBXContainerItemProxy */ = {
			isa = PBXContainerItemProxy;
			containerPortal = 7132962724487AC2006935C0 /* SocialKit.xcodeproj */;
			proxyType = 2;
			remoteGlobalIDString = 7132961624487AC2006935C0;
			remoteInfo = SocialKitTests;
		};
		713B9B16243D0417001F6E3A /* PBXContainerItemProxy */ = {
			isa = PBXContainerItemProxy;
			containerPortal = 71EBA881243D02AD0045AE40 /* Anchor.xcodeproj */;
			proxyType = 2;
			remoteGlobalIDString = 713B9AE4243D0331001F6E3A;
			remoteInfo = Anchor;
		};
		713B9B1D243D0417001F6E3A /* PBXContainerItemProxy */ = {
			isa = PBXContainerItemProxy;
			containerPortal = 713B9B11243D0416001F6E3A /* Injector.xcodeproj */;
			proxyType = 2;
			remoteGlobalIDString = 713B9AF7243D0416001F6E3A;
			remoteInfo = Injector;
		};
		713B9B1F243D0417001F6E3A /* PBXContainerItemProxy */ = {
			isa = PBXContainerItemProxy;
			containerPortal = 713B9B11243D0416001F6E3A /* Injector.xcodeproj */;
			proxyType = 2;
			remoteGlobalIDString = 713B9B00243D0416001F6E3A;
			remoteInfo = InjectorTests;
		};
		713B9B5A243D050F001F6E3A /* PBXContainerItemProxy */ = {
			isa = PBXContainerItemProxy;
			containerPortal = 713B9B55243D050E001F6E3A /* Validators.xcodeproj */;
			proxyType = 2;
			remoteGlobalIDString = 713B9B3B243D050E001F6E3A;
			remoteInfo = Validators;
		};
		713B9B5C243D050F001F6E3A /* PBXContainerItemProxy */ = {
			isa = PBXContainerItemProxy;
			containerPortal = 713B9B55243D050E001F6E3A /* Validators.xcodeproj */;
			proxyType = 2;
			remoteGlobalIDString = 713B9B44243D050E001F6E3A;
			remoteInfo = ValidatorsTests;
		};
		713B9BA6243D0696001F6E3A /* PBXContainerItemProxy */ = {
			isa = PBXContainerItemProxy;
			containerPortal = 713B9BA1243D0696001F6E3A /* Utils.xcodeproj */;
			proxyType = 2;
			remoteGlobalIDString = 713B9B87243D0695001F6E3A;
			remoteInfo = Utils;
		};
		713B9BA8243D0696001F6E3A /* PBXContainerItemProxy */ = {
			isa = PBXContainerItemProxy;
			containerPortal = 713B9BA1243D0696001F6E3A /* Utils.xcodeproj */;
			proxyType = 2;
			remoteGlobalIDString = 713B9B90243D0696001F6E3A;
			remoteInfo = UtilsTests;
		};
		713B9C12243D08E1001F6E3A /* PBXContainerItemProxy */ = {
			isa = PBXContainerItemProxy;
			containerPortal = 713B9C0D243D08E0001F6E3A /* FormsDemo.xcodeproj */;
			proxyType = 2;
			remoteGlobalIDString = 713B9BF3243D08E0001F6E3A;
			remoteInfo = FormsDemo;
		};
		713B9C14243D08E1001F6E3A /* PBXContainerItemProxy */ = {
			isa = PBXContainerItemProxy;
			containerPortal = 713B9C0D243D08E0001F6E3A /* FormsDemo.xcodeproj */;
			proxyType = 2;
			remoteGlobalIDString = 713B9BFC243D08E0001F6E3A;
			remoteInfo = FormsDemoTests;
		};
		715B7AF4244701BD00754EDB /* PBXContainerItemProxy */ = {
			isa = PBXContainerItemProxy;
			containerPortal = 71BB62652445E7C5002BB31F /* Logger.xcodeproj */;
			proxyType = 2;
			remoteGlobalIDString = 715B7A902446F05B00754EDB;
			remoteInfo = LoggerTests;
		};
		715B7AF8244701BD00754EDB /* PBXContainerItemProxy */ = {
			isa = PBXContainerItemProxy;
			containerPortal = 71BB62182445DD16002BB31F /* Networking.xcodeproj */;
			proxyType = 2;
			remoteGlobalIDString = 715B7A912446F05B00754EDB;
			remoteInfo = NetworkingTests;
		};
		715B7B3624474C4700754EDB /* PBXContainerItemProxy */ = {
			isa = PBXContainerItemProxy;
			containerPortal = 715B7B3124474C4600754EDB /* Transition.xcodeproj */;
			proxyType = 2;
			remoteGlobalIDString = 715B7B1724474C4600754EDB;
			remoteInfo = Transition;
		};
		715B7B3824474C4700754EDB /* PBXContainerItemProxy */ = {
			isa = PBXContainerItemProxy;
			containerPortal = 715B7B3124474C4600754EDB /* Transition.xcodeproj */;
			proxyType = 2;
			remoteGlobalIDString = 715B7B2024474C4600754EDB;
			remoteInfo = TransitionTests;
		};
		7178026724543D2C0057E848 /* PBXContainerItemProxy */ = {
			isa = PBXContainerItemProxy;
			containerPortal = 7178026124543D2B0057E848 /* DeveloperTools.xcodeproj */;
			proxyType = 2;
			remoteGlobalIDString = 7178025624543D2B0057E848;
			remoteInfo = DeveloperTools;
		};
		717802A2245448EA0057E848 /* PBXContainerItemProxy */ = {
			isa = PBXContainerItemProxy;
			containerPortal = 7178026124543D2B0057E848 /* DeveloperTools.xcodeproj */;
			proxyType = 2;
			remoteGlobalIDString = 7178028124543DBA0057E848;
			remoteInfo = DeveloperToolsTests;
		};
		7194695B243DA7A900CAD09B /* PBXContainerItemProxy */ = {
			isa = PBXContainerItemProxy;
			containerPortal = 71946956243DA7A800CAD09B /* Forms.xcodeproj */;
			proxyType = 2;
			remoteGlobalIDString = 7194693C243DA7A800CAD09B;
			remoteInfo = Forms;
		};
		7194695D243DA7A900CAD09B /* PBXContainerItemProxy */ = {
			isa = PBXContainerItemProxy;
			containerPortal = 71946956243DA7A800CAD09B /* Forms.xcodeproj */;
			proxyType = 2;
			remoteGlobalIDString = 71946945243DA7A800CAD09B;
			remoteInfo = FormsTests;
		};
		719AE4C8246294FC00A39B0E /* PBXContainerItemProxy */ = {
			isa = PBXContainerItemProxy;
			containerPortal = 719AE4B0246294FC00A39B0E /* Notifications.xcodeproj */;
			proxyType = 2;
			remoteGlobalIDString = 719AE496246294DB00A39B0E;
			remoteInfo = Notifications;
		};
		719AE4CA246294FC00A39B0E /* PBXContainerItemProxy */ = {
			isa = PBXContainerItemProxy;
			containerPortal = 719AE4B0246294FC00A39B0E /* Notifications.xcodeproj */;
			proxyType = 2;
			remoteGlobalIDString = 719AE49F246294DB00A39B0E;
			remoteInfo = NotificationsTests;
		};
		71BB621D2445DD17002BB31F /* PBXContainerItemProxy */ = {
			isa = PBXContainerItemProxy;
			containerPortal = 71BB62182445DD16002BB31F /* Networking.xcodeproj */;
			proxyType = 2;
			remoteGlobalIDString = 71BB61FE2445DD16002BB31F;
			remoteInfo = Networking;
		};
		71BB626A2445E7C6002BB31F /* PBXContainerItemProxy */ = {
			isa = PBXContainerItemProxy;
			containerPortal = 71BB62652445E7C5002BB31F /* Logger.xcodeproj */;
			proxyType = 2;
			remoteGlobalIDString = 71BB624B2445E7C5002BB31F;
			remoteInfo = Logger;
		};
		71CFF41E245954B90067D13E /* PBXContainerItemProxy */ = {
			isa = PBXContainerItemProxy;
			containerPortal = 71CFF419245954B90067D13E /* SideMenu.xcodeproj */;
			proxyType = 2;
			remoteGlobalIDString = 71CFF3D1245954960067D13E;
			remoteInfo = SideMenu;
		};
		71CFF420245954B90067D13E /* PBXContainerItemProxy */ = {
			isa = PBXContainerItemProxy;
			containerPortal = 71CFF419245954B90067D13E /* SideMenu.xcodeproj */;
			proxyType = 2;
			remoteGlobalIDString = 71CFF3DA245954960067D13E;
			remoteInfo = SideMenuTests;
		};
		71DB5CBF2457609100B16145 /* PBXContainerItemProxy */ = {
			isa = PBXContainerItemProxy;
			containerPortal = 71DB5CBA2457609000B16145 /* Analytics.xcodeproj */;
			proxyType = 2;
			remoteGlobalIDString = 71DB5CA02457609000B16145;
			remoteInfo = Analytics;
		};
		71DB5CC12457609100B16145 /* PBXContainerItemProxy */ = {
			isa = PBXContainerItemProxy;
			containerPortal = 71DB5CBA2457609000B16145 /* Analytics.xcodeproj */;
			proxyType = 2;
			remoteGlobalIDString = 71DB5CA92457609000B16145;
			remoteInfo = AnalyticsTests;
		};
		71DB663D245826C900B16145 /* PBXContainerItemProxy */ = {
			isa = PBXContainerItemProxy;
			containerPortal = 71DB662D245826C900B16145 /* ImagePicker.xcodeproj */;
			proxyType = 2;
			remoteGlobalIDString = 71DB6613245826B600B16145;
			remoteInfo = ImagePicker;
		};
		71DB663F245826C900B16145 /* PBXContainerItemProxy */ = {
			isa = PBXContainerItemProxy;
			containerPortal = 71DB662D245826C900B16145 /* ImagePicker.xcodeproj */;
			proxyType = 2;
			remoteGlobalIDString = 71DB661C245826B600B16145;
			remoteInfo = ImagePickerTests;
		};
		71EBA888243D02AE0045AE40 /* PBXContainerItemProxy */ = {
			isa = PBXContainerItemProxy;
			containerPortal = 71EBA881243D02AD0045AE40 /* Anchor.xcodeproj */;
			proxyType = 2;
			remoteGlobalIDString = 71EBA870243D02AD0045AE40;
			remoteInfo = AnchorTests;
		};
/* End PBXContainerItemProxy section */

/* Begin PBXCopyFilesBuildPhase section */
		71EA6EC32449FC1C00ACB5EE /* Embed Frameworks */ = {
			isa = PBXCopyFilesBuildPhase;
			buildActionMask = 2147483647;
			dstPath = "";
			dstSubfolderSpec = 10;
			files = (
				71DB66B024582A1E00B16145 /* Anchor.framework in Embed Frameworks */,
				71DB66C024582A1E00B16145 /* Transition.framework in Embed Frameworks */,
				719AE5B42462C49D00A39B0E /* FBSDKLoginKit.framework in Embed Frameworks */,
				719AE5B22462C49C00A39B0E /* FBSDKCoreKit.framework in Embed Frameworks */,
				71DB66C424582A1F00B16145 /* Validators.framework in Embed Frameworks */,
				71DB66BC24582A1E00B16145 /* Networking.framework in Embed Frameworks */,
				71DB66BE24582A1E00B16145 /* SocialKit.framework in Embed Frameworks */,
				71DB66C224582A1E00B16145 /* Utils.framework in Embed Frameworks */,
				71DB66B624582A1E00B16145 /* ImagePicker.framework in Embed Frameworks */,
				71CFF42F245956EE0067D13E /* SideMenu.framework in Embed Frameworks */,
				719AE5522462B31F00A39B0E /* Notifications.framework in Embed Frameworks */,
				71DB66BA24582A1E00B16145 /* Logger.framework in Embed Frameworks */,
				71EA6EC72449FC3300ACB5EE /* FormsDemo.framework in Embed Frameworks */,
				71DB66AE24582A1E00B16145 /* Analytics.framework in Embed Frameworks */,
				71DB66B424582A1E00B16145 /* Forms.framework in Embed Frameworks */,
				71DB66B224582A1E00B16145 /* DeveloperTools.framework in Embed Frameworks */,
				71DB66B824582A1E00B16145 /* Injector.framework in Embed Frameworks */,
				7103EA8124609DF900A11A96 /* Permission.framework in Embed Frameworks */,
			);
			name = "Embed Frameworks";
			runOnlyForDeploymentPostprocessing = 0;
		};
/* End PBXCopyFilesBuildPhase section */

/* Begin PBXFileReference section */
		7103EA4924609C3700A11A96 /* Permission.xcodeproj */ = {isa = PBXFileReference; lastKnownFileType = "wrapper.pb-project"; name = Permission.xcodeproj; path = ../Permission/Permission.xcodeproj; sourceTree = "<group>"; };
		71228E052431CF7F00D08B20 /* FormsExample.app */ = {isa = PBXFileReference; explicitFileType = wrapper.application; includeInIndex = 0; path = FormsExample.app; sourceTree = BUILT_PRODUCTS_DIR; };
		71228E082431CF7F00D08B20 /* AppDelegate.swift */ = {isa = PBXFileReference; lastKnownFileType = sourcecode.swift; path = AppDelegate.swift; sourceTree = "<group>"; };
		71228E0A2431CF7F00D08B20 /* SceneDelegate.swift */ = {isa = PBXFileReference; lastKnownFileType = sourcecode.swift; path = SceneDelegate.swift; sourceTree = "<group>"; };
		71228E112431CF8100D08B20 /* Assets.xcassets */ = {isa = PBXFileReference; lastKnownFileType = folder.assetcatalog; path = Assets.xcassets; sourceTree = "<group>"; };
		71228E162431CF8100D08B20 /* Info.plist */ = {isa = PBXFileReference; lastKnownFileType = text.plist.xml; path = Info.plist; sourceTree = "<group>"; };
		71228E1B2431CF8200D08B20 /* FormsExampleTests.xctest */ = {isa = PBXFileReference; explicitFileType = wrapper.cfbundle; includeInIndex = 0; path = FormsExampleTests.xctest; sourceTree = BUILT_PRODUCTS_DIR; };
		71228E2B2431CFBF00D08B20 /* LaunchScreen.storyboard */ = {isa = PBXFileReference; fileEncoding = 4; lastKnownFileType = file.storyboard; path = LaunchScreen.storyboard; sourceTree = "<group>"; };
		7132962724487AC2006935C0 /* SocialKit.xcodeproj */ = {isa = PBXFileReference; lastKnownFileType = "wrapper.pb-project"; name = SocialKit.xcodeproj; path = ../SocialKit/SocialKit.xcodeproj; sourceTree = "<group>"; };
		713B9B11243D0416001F6E3A /* Injector.xcodeproj */ = {isa = PBXFileReference; lastKnownFileType = "wrapper.pb-project"; name = Injector.xcodeproj; path = ../Injector/Injector.xcodeproj; sourceTree = "<group>"; };
		713B9B55243D050E001F6E3A /* Validators.xcodeproj */ = {isa = PBXFileReference; lastKnownFileType = "wrapper.pb-project"; name = Validators.xcodeproj; path = ../Validators/Validators.xcodeproj; sourceTree = "<group>"; };
		713B9BA1243D0696001F6E3A /* Utils.xcodeproj */ = {isa = PBXFileReference; lastKnownFileType = "wrapper.pb-project"; name = Utils.xcodeproj; path = ../Utils/Utils.xcodeproj; sourceTree = "<group>"; };
		713B9C0D243D08E0001F6E3A /* FormsDemo.xcodeproj */ = {isa = PBXFileReference; lastKnownFileType = "wrapper.pb-project"; name = FormsDemo.xcodeproj; path = ../FormsDemo/FormsDemo.xcodeproj; sourceTree = "<group>"; };
		714848DD2448618600455560 /* FormsExample.entitlements */ = {isa = PBXFileReference; lastKnownFileType = text.plist.entitlements; path = FormsExample.entitlements; sourceTree = "<group>"; };
		715B7AFF244701DC00754EDB /* TemplateIcon@2x.png */ = {isa = PBXFileReference; lastKnownFileType = image.png; path = "TemplateIcon@2x.png"; sourceTree = "<group>"; };
		715B7B00244701DC00754EDB /* ___FILEBASENAME___Presenter.swift */ = {isa = PBXFileReference; lastKnownFileType = sourcecode.swift; path = "___FILEBASENAME___Presenter.swift"; sourceTree = "<group>"; };
		715B7B01244701DC00754EDB /* ___FILEBASENAME___Worker.swift */ = {isa = PBXFileReference; lastKnownFileType = sourcecode.swift; path = "___FILEBASENAME___Worker.swift"; sourceTree = "<group>"; };
		715B7B02244701DC00754EDB /* ___FILEBASENAME___Router.swift */ = {isa = PBXFileReference; lastKnownFileType = sourcecode.swift; path = "___FILEBASENAME___Router.swift"; sourceTree = "<group>"; };
		715B7B03244701DC00754EDB /* ___FILEBASENAME___Models.swift */ = {isa = PBXFileReference; lastKnownFileType = sourcecode.swift; path = "___FILEBASENAME___Models.swift"; sourceTree = "<group>"; };
		715B7B04244701DC00754EDB /* ___FILEBASENAME___ViewController.swift */ = {isa = PBXFileReference; lastKnownFileType = sourcecode.swift; path = "___FILEBASENAME___ViewController.swift"; sourceTree = "<group>"; };
		715B7B05244701DC00754EDB /* ___FILEBASENAME___Assembly.swift */ = {isa = PBXFileReference; lastKnownFileType = sourcecode.swift; path = "___FILEBASENAME___Assembly.swift"; sourceTree = "<group>"; };
		715B7B06244701DC00754EDB /* ___FILEBASENAME___Interactor.swift */ = {isa = PBXFileReference; lastKnownFileType = sourcecode.swift; path = "___FILEBASENAME___Interactor.swift"; sourceTree = "<group>"; };
		715B7B07244701DC00754EDB /* TemplateIcon.png */ = {isa = PBXFileReference; lastKnownFileType = image.png; path = TemplateIcon.png; sourceTree = "<group>"; };
		715B7B08244701DC00754EDB /* TemplateInfo.plist */ = {isa = PBXFileReference; lastKnownFileType = text.plist.xml; path = TemplateInfo.plist; sourceTree = "<group>"; };
		715B7B3124474C4600754EDB /* Transition.xcodeproj */ = {isa = PBXFileReference; lastKnownFileType = "wrapper.pb-project"; name = Transition.xcodeproj; path = ../Transition/Transition.xcodeproj; sourceTree = "<group>"; };
		7178026124543D2B0057E848 /* DeveloperTools.xcodeproj */ = {isa = PBXFileReference; lastKnownFileType = "wrapper.pb-project"; name = DeveloperTools.xcodeproj; path = ../DeveloperTools/DeveloperTools.xcodeproj; sourceTree = "<group>"; };
		71946956243DA7A800CAD09B /* Forms.xcodeproj */ = {isa = PBXFileReference; lastKnownFileType = "wrapper.pb-project"; name = Forms.xcodeproj; path = ../Forms/Forms.xcodeproj; sourceTree = "<group>"; };
		719AE4B0246294FC00A39B0E /* Notifications.xcodeproj */ = {isa = PBXFileReference; lastKnownFileType = "wrapper.pb-project"; name = Notifications.xcodeproj; path = ../Notifications/Notifications.xcodeproj; sourceTree = "<group>"; };
		719AE55C2462C0F900A39B0E /* FBSDKLoginKit.framework */ = {isa = PBXFileReference; lastKnownFileType = wrapper.framework; path = FBSDKLoginKit.framework; sourceTree = "<group>"; };
		719AE5692462C0F900A39B0E /* FBSDKCoreKit.framework */ = {isa = PBXFileReference; lastKnownFileType = wrapper.framework; path = FBSDKCoreKit.framework; sourceTree = "<group>"; };
		71BB62182445DD16002BB31F /* Networking.xcodeproj */ = {isa = PBXFileReference; lastKnownFileType = "wrapper.pb-project"; name = Networking.xcodeproj; path = ../Networking/Networking.xcodeproj; sourceTree = "<group>"; };
		71BB62652445E7C5002BB31F /* Logger.xcodeproj */ = {isa = PBXFileReference; lastKnownFileType = "wrapper.pb-project"; name = Logger.xcodeproj; path = ../Logger/Logger.xcodeproj; sourceTree = "<group>"; };
		71CFF419245954B90067D13E /* SideMenu.xcodeproj */ = {isa = PBXFileReference; lastKnownFileType = "wrapper.pb-project"; name = SideMenu.xcodeproj; path = ../SideMenu/SideMenu.xcodeproj; sourceTree = "<group>"; };
		71DB5CBA2457609000B16145 /* Analytics.xcodeproj */ = {isa = PBXFileReference; lastKnownFileType = "wrapper.pb-project"; name = Analytics.xcodeproj; path = ../Analytics/Analytics.xcodeproj; sourceTree = "<group>"; };
		71DB65592457729800B16145 /* GoogleService-Info.plist */ = {isa = PBXFileReference; fileEncoding = 4; lastKnownFileType = text.plist.xml; path = "GoogleService-Info.plist"; sourceTree = "<group>"; };
		71DB662D245826C900B16145 /* ImagePicker.xcodeproj */ = {isa = PBXFileReference; lastKnownFileType = "wrapper.pb-project"; name = ImagePicker.xcodeproj; path = ../ImagePicker/ImagePicker.xcodeproj; sourceTree = "<group>"; };
		71EBA881243D02AD0045AE40 /* Anchor.xcodeproj */ = {isa = PBXFileReference; lastKnownFileType = "wrapper.pb-project"; name = Anchor.xcodeproj; path = ../Anchor/Anchor.xcodeproj; sourceTree = "<group>"; };
/* End PBXFileReference section */

/* Begin PBXFrameworksBuildPhase section */
		71228E022431CF7F00D08B20 /* Frameworks */ = {
			isa = PBXFrameworksBuildPhase;
			buildActionMask = 2147483647;
			files = (
				71DB66AF24582A1E00B16145 /* Anchor.framework in Frameworks */,
				71DB66BF24582A1E00B16145 /* Transition.framework in Frameworks */,
				719AE5B32462C49D00A39B0E /* FBSDKLoginKit.framework in Frameworks */,
				71DB66C324582A1E00B16145 /* Validators.framework in Frameworks */,
				71DB66BB24582A1E00B16145 /* Networking.framework in Frameworks */,
				71DB66BD24582A1E00B16145 /* SocialKit.framework in Frameworks */,
				71DB66C124582A1E00B16145 /* Utils.framework in Frameworks */,
				71DB66B524582A1E00B16145 /* ImagePicker.framework in Frameworks */,
				719AE5B12462C49C00A39B0E /* FBSDKCoreKit.framework in Frameworks */,
				71CFF42E245956EE0067D13E /* SideMenu.framework in Frameworks */,
				719AE5512462B31F00A39B0E /* Notifications.framework in Frameworks */,
				71DB66B924582A1E00B16145 /* Logger.framework in Frameworks */,
				71EA6EC62449FC3300ACB5EE /* FormsDemo.framework in Frameworks */,
				71DB66AD24582A1E00B16145 /* Analytics.framework in Frameworks */,
				71DB66B324582A1E00B16145 /* Forms.framework in Frameworks */,
				71DB66B124582A1E00B16145 /* DeveloperTools.framework in Frameworks */,
				71DB66B724582A1E00B16145 /* Injector.framework in Frameworks */,
				7103EA8024609DF900A11A96 /* Permission.framework in Frameworks */,
			);
			runOnlyForDeploymentPostprocessing = 0;
		};
		71228E182431CF8200D08B20 /* Frameworks */ = {
			isa = PBXFrameworksBuildPhase;
			buildActionMask = 2147483647;
			files = (
			);
			runOnlyForDeploymentPostprocessing = 0;
		};
/* End PBXFrameworksBuildPhase section */

/* Begin PBXGroup section */
		7103EA4A24609C3700A11A96 /* Products */ = {
			isa = PBXGroup;
			children = (
				7103EA6224609C3700A11A96 /* Permission.framework */,
				7103EA6424609C3700A11A96 /* PermissionTests.xctest */,
			);
			name = Products;
			sourceTree = "<group>";
		};
		71228DFC2431CF7F00D08B20 = {
			isa = PBXGroup;
			children = (
				71DB5CBA2457609000B16145 /* Analytics.xcodeproj */,
				71EBA881243D02AD0045AE40 /* Anchor.xcodeproj */,
				7178026124543D2B0057E848 /* DeveloperTools.xcodeproj */,
				71DB662D245826C900B16145 /* ImagePicker.xcodeproj */,
				713B9B11243D0416001F6E3A /* Injector.xcodeproj */,
				71BB62652445E7C5002BB31F /* Logger.xcodeproj */,
				71BB62182445DD16002BB31F /* Networking.xcodeproj */,
				719AE4B0246294FC00A39B0E /* Notifications.xcodeproj */,
				7103EA4924609C3700A11A96 /* Permission.xcodeproj */,
				71CFF419245954B90067D13E /* SideMenu.xcodeproj */,
				7132962724487AC2006935C0 /* SocialKit.xcodeproj */,
				715B7B3124474C4600754EDB /* Transition.xcodeproj */,
				713B9BA1243D0696001F6E3A /* Utils.xcodeproj */,
				713B9B55243D050E001F6E3A /* Validators.xcodeproj */,
				71946956243DA7A800CAD09B /* Forms.xcodeproj */,
				713B9C0D243D08E0001F6E3A /* FormsDemo.xcodeproj */,
				71228E072431CF7F00D08B20 /* FormsExample */,
				71228E2A2431CF9800D08B20 /* Resources */,
				71228E062431CF7F00D08B20 /* Products */,
				71EA6E9E2449FC1B00ACB5EE /* Frameworks */,
			);
			sourceTree = "<group>";
		};
		71228E062431CF7F00D08B20 /* Products */ = {
			isa = PBXGroup;
			children = (
				71228E052431CF7F00D08B20 /* FormsExample.app */,
				71228E1B2431CF8200D08B20 /* FormsExampleTests.xctest */,
			);
			name = Products;
			sourceTree = "<group>";
		};
		71228E072431CF7F00D08B20 /* FormsExample */ = {
			isa = PBXGroup;
			children = (
				71228E2F2431D04400D08B20 /* Source */,
				71228E2D2431CFC700D08B20 /* SupportingFiles */,
			);
			path = FormsExample;
			sourceTree = "<group>";
		};
		71228E2A2431CF9800D08B20 /* Resources */ = {
			isa = PBXGroup;
			children = (
				713296C22448B84D006935C0 /* Dependencies */,
				715B7AE9244701BD00754EDB /* Templates */,
			);
			path = Resources;
			sourceTree = "<group>";
		};
		71228E2D2431CFC700D08B20 /* SupportingFiles */ = {
			isa = PBXGroup;
			children = (
				71228E2E2431CFD500D08B20 /* Config */,
				71228E082431CF7F00D08B20 /* AppDelegate.swift */,
				71228E112431CF8100D08B20 /* Assets.xcassets */,
				71228E2B2431CFBF00D08B20 /* LaunchScreen.storyboard */,
				71228E0A2431CF7F00D08B20 /* SceneDelegate.swift */,
			);
			path = SupportingFiles;
			sourceTree = "<group>";
		};
		71228E2E2431CFD500D08B20 /* Config */ = {
			isa = PBXGroup;
			children = (
				714848DD2448618600455560 /* FormsExample.entitlements */,
				71DB65592457729800B16145 /* GoogleService-Info.plist */,
				71228E162431CF8100D08B20 /* Info.plist */,
			);
			path = Config;
			sourceTree = "<group>";
		};
		71228E2F2431D04400D08B20 /* Source */ = {
			isa = PBXGroup;
			children = (
			);
			path = Source;
			sourceTree = "<group>";
		};
		7132962824487AC2006935C0 /* Products */ = {
			isa = PBXGroup;
			children = (
				7132962D24487AC3006935C0 /* SocialKit.framework */,
				7132962F24487AC3006935C0 /* SocialKitTests.xctest */,
			);
			name = Products;
			sourceTree = "<group>";
		};
		713296C22448B84D006935C0 /* Dependencies */ = {
			isa = PBXGroup;
			children = (
				719AE5692462C0F900A39B0E /* FBSDKCoreKit.framework */,
				719AE55C2462C0F900A39B0E /* FBSDKLoginKit.framework */,
			);
			name = Dependencies;
			path = ../../Dependencies;
			sourceTree = "<group>";
		};
		713B9B12243D0416001F6E3A /* Products */ = {
			isa = PBXGroup;
			children = (
				713B9B1E243D0417001F6E3A /* Injector.framework */,
				713B9B20243D0417001F6E3A /* InjectorTests.xctest */,
			);
			name = Products;
			sourceTree = "<group>";
		};
		713B9B56243D050E001F6E3A /* Products */ = {
			isa = PBXGroup;
			children = (
				713B9B5B243D050F001F6E3A /* Validators.framework */,
				713B9B5D243D050F001F6E3A /* ValidatorsTests.xctest */,
			);
			name = Products;
			sourceTree = "<group>";
		};
		713B9BA2243D0696001F6E3A /* Products */ = {
			isa = PBXGroup;
			children = (
				713B9BA7243D0696001F6E3A /* Utils.framework */,
				713B9BA9243D0696001F6E3A /* UtilsTests.xctest */,
			);
			name = Products;
			sourceTree = "<group>";
		};
		713B9C0E243D08E0001F6E3A /* Products */ = {
			isa = PBXGroup;
			children = (
				713B9C13243D08E1001F6E3A /* FormsDemo.framework */,
				713B9C15243D08E1001F6E3A /* FormsDemoTests.xctest */,
			);
			name = Products;
			sourceTree = "<group>";
		};
		715B7AE9244701BD00754EDB /* Templates */ = {
			isa = PBXGroup;
			children = (
				715B7AFE244701DC00754EDB /* CleanSwift.xctemplate */,
			);
			path = Templates;
			sourceTree = "<group>";
		};
		715B7AFE244701DC00754EDB /* CleanSwift.xctemplate */ = {
			isa = PBXGroup;
			children = (
				715B7AFF244701DC00754EDB /* TemplateIcon@2x.png */,
				715B7B00244701DC00754EDB /* ___FILEBASENAME___Presenter.swift */,
				715B7B01244701DC00754EDB /* ___FILEBASENAME___Worker.swift */,
				715B7B02244701DC00754EDB /* ___FILEBASENAME___Router.swift */,
				715B7B03244701DC00754EDB /* ___FILEBASENAME___Models.swift */,
				715B7B04244701DC00754EDB /* ___FILEBASENAME___ViewController.swift */,
				715B7B05244701DC00754EDB /* ___FILEBASENAME___Assembly.swift */,
				715B7B06244701DC00754EDB /* ___FILEBASENAME___Interactor.swift */,
				715B7B07244701DC00754EDB /* TemplateIcon.png */,
				715B7B08244701DC00754EDB /* TemplateInfo.plist */,
			);
			path = CleanSwift.xctemplate;
			sourceTree = "<group>";
		};
		715B7B3224474C4600754EDB /* Products */ = {
			isa = PBXGroup;
			children = (
				715B7B3724474C4700754EDB /* Transition.framework */,
				715B7B3924474C4700754EDB /* TransitionTests.xctest */,
			);
			name = Products;
			sourceTree = "<group>";
		};
		7178026224543D2B0057E848 /* Products */ = {
			isa = PBXGroup;
			children = (
				7178026824543D2C0057E848 /* DeveloperTools.framework */,
				717802A3245448EA0057E848 /* DeveloperToolsTests.xctest */,
			);
			name = Products;
			sourceTree = "<group>";
		};
		71946957243DA7A800CAD09B /* Products */ = {
			isa = PBXGroup;
			children = (
				7194695C243DA7A900CAD09B /* Forms.framework */,
				7194695E243DA7A900CAD09B /* FormsTests.xctest */,
			);
			name = Products;
			sourceTree = "<group>";
		};
		719AE4B1246294FC00A39B0E /* Products */ = {
			isa = PBXGroup;
			children = (
				719AE4C9246294FC00A39B0E /* Notifications.framework */,
				719AE4CB246294FC00A39B0E /* NotificationsTests.xctest */,
			);
			name = Products;
			sourceTree = "<group>";
		};
		71BB62192445DD16002BB31F /* Products */ = {
			isa = PBXGroup;
			children = (
				71BB621E2445DD17002BB31F /* Networking.framework */,
				715B7AF9244701BD00754EDB /* NetworkingTests.xctest */,
			);
			name = Products;
			sourceTree = "<group>";
		};
		71BB62662445E7C5002BB31F /* Products */ = {
			isa = PBXGroup;
			children = (
				71BB626B2445E7C6002BB31F /* Logger.framework */,
				715B7AF5244701BD00754EDB /* LoggerTests.xctest */,
			);
			name = Products;
			sourceTree = "<group>";
		};
		71CFF41A245954B90067D13E /* Products */ = {
			isa = PBXGroup;
			children = (
				71CFF41F245954B90067D13E /* SideMenu.framework */,
				71CFF421245954B90067D13E /* SideMenuTests.xctest */,
			);
			name = Products;
			sourceTree = "<group>";
		};
		71DB5CBB2457609000B16145 /* Products */ = {
			isa = PBXGroup;
			children = (
				71DB5CC02457609100B16145 /* Analytics.framework */,
				71DB5CC22457609100B16145 /* AnalyticsTests.xctest */,
			);
			name = Products;
			sourceTree = "<group>";
		};
		71DB662E245826C900B16145 /* Products */ = {
			isa = PBXGroup;
			children = (
				71DB663E245826C900B16145 /* ImagePicker.framework */,
				71DB6640245826C900B16145 /* ImagePickerTests.xctest */,
			);
			name = Products;
			sourceTree = "<group>";
		};
		71EA6E9E2449FC1B00ACB5EE /* Frameworks */ = {
			isa = PBXGroup;
			children = (
			);
			name = Frameworks;
			sourceTree = "<group>";
		};
		71EBA882243D02AD0045AE40 /* Products */ = {
			isa = PBXGroup;
			children = (
				713B9B17243D0417001F6E3A /* Anchor.framework */,
				71EBA889243D02AE0045AE40 /* AnchorTests.xctest */,
			);
			name = Products;
			sourceTree = "<group>";
		};
/* End PBXGroup section */

/* Begin PBXNativeTarget section */
		71228E042431CF7F00D08B20 /* FormsExample */ = {
			isa = PBXNativeTarget;
			buildConfigurationList = 71228E242431CF8200D08B20 /* Build configuration list for PBXNativeTarget "FormsExample" */;
			buildPhases = (
				71228E012431CF7F00D08B20 /* Sources */,
				71228E022431CF7F00D08B20 /* Frameworks */,
				71228E032431CF7F00D08B20 /* Resources */,
				716992012445A98E00A8FA79 /* Lint */,
				71EA6EC32449FC1C00ACB5EE /* Embed Frameworks */,
				719F8C7D245712DB004F5A27 /* CFBuildDate */,
			);
			buildRules = (
			);
			dependencies = (
			);
			name = FormsExample;
			productName = FormsExample;
			productReference = 71228E052431CF7F00D08B20 /* FormsExample.app */;
			productType = "com.apple.product-type.application";
		};
		71228E1A2431CF8200D08B20 /* FormsExampleTests */ = {
			isa = PBXNativeTarget;
			buildConfigurationList = 71228E272431CF8200D08B20 /* Build configuration list for PBXNativeTarget "FormsExampleTests" */;
			buildPhases = (
				71228E172431CF8200D08B20 /* Sources */,
				71228E182431CF8200D08B20 /* Frameworks */,
				71228E192431CF8200D08B20 /* Resources */,
			);
			buildRules = (
			);
			dependencies = (
				71228E1D2431CF8200D08B20 /* PBXTargetDependency */,
			);
			name = FormsExampleTests;
			productName = FormsExampleTests;
			productReference = 71228E1B2431CF8200D08B20 /* FormsExampleTests.xctest */;
			productType = "com.apple.product-type.bundle.unit-test";
		};
/* End PBXNativeTarget section */

/* Begin PBXProject section */
		71228DFD2431CF7F00D08B20 /* Project object */ = {
			isa = PBXProject;
			attributes = {
				LastSwiftUpdateCheck = 1140;
				LastUpgradeCheck = 1140;
				ORGANIZATIONNAME = Limbo;
				TargetAttributes = {
					71228E042431CF7F00D08B20 = {
						CreatedOnToolsVersion = 11.4;
					};
					71228E1A2431CF8200D08B20 = {
						CreatedOnToolsVersion = 11.4;
						TestTargetID = 71228E042431CF7F00D08B20;
					};
				};
			};
			buildConfigurationList = 71228E002431CF7F00D08B20 /* Build configuration list for PBXProject "FormsExample" */;
			compatibilityVersion = "Xcode 9.3";
			developmentRegion = en;
			hasScannedForEncodings = 0;
			knownRegions = (
				en,
				Base,
			);
			mainGroup = 71228DFC2431CF7F00D08B20;
			productRefGroup = 71228E062431CF7F00D08B20 /* Products */;
			projectDirPath = "";
			projectReferences = (
				{
					ProductGroup = 71DB5CBB2457609000B16145 /* Products */;
					ProjectRef = 71DB5CBA2457609000B16145 /* Analytics.xcodeproj */;
				},
				{
					ProductGroup = 71EBA882243D02AD0045AE40 /* Products */;
					ProjectRef = 71EBA881243D02AD0045AE40 /* Anchor.xcodeproj */;
				},
				{
					ProductGroup = 7178026224543D2B0057E848 /* Products */;
					ProjectRef = 7178026124543D2B0057E848 /* DeveloperTools.xcodeproj */;
				},
				{
					ProductGroup = 71946957243DA7A800CAD09B /* Products */;
					ProjectRef = 71946956243DA7A800CAD09B /* Forms.xcodeproj */;
				},
				{
					ProductGroup = 713B9C0E243D08E0001F6E3A /* Products */;
					ProjectRef = 713B9C0D243D08E0001F6E3A /* FormsDemo.xcodeproj */;
				},
				{
					ProductGroup = 71DB662E245826C900B16145 /* Products */;
					ProjectRef = 71DB662D245826C900B16145 /* ImagePicker.xcodeproj */;
				},
				{
					ProductGroup = 713B9B12243D0416001F6E3A /* Products */;
					ProjectRef = 713B9B11243D0416001F6E3A /* Injector.xcodeproj */;
				},
				{
					ProductGroup = 71BB62662445E7C5002BB31F /* Products */;
					ProjectRef = 71BB62652445E7C5002BB31F /* Logger.xcodeproj */;
				},
				{
					ProductGroup = 71BB62192445DD16002BB31F /* Products */;
					ProjectRef = 71BB62182445DD16002BB31F /* Networking.xcodeproj */;
				},
				{
					ProductGroup = 719AE4B1246294FC00A39B0E /* Products */;
					ProjectRef = 719AE4B0246294FC00A39B0E /* Notifications.xcodeproj */;
				},
				{
					ProductGroup = 7103EA4A24609C3700A11A96 /* Products */;
					ProjectRef = 7103EA4924609C3700A11A96 /* Permission.xcodeproj */;
				},
				{
					ProductGroup = 71CFF41A245954B90067D13E /* Products */;
					ProjectRef = 71CFF419245954B90067D13E /* SideMenu.xcodeproj */;
				},
				{
					ProductGroup = 7132962824487AC2006935C0 /* Products */;
					ProjectRef = 7132962724487AC2006935C0 /* SocialKit.xcodeproj */;
				},
				{
					ProductGroup = 715B7B3224474C4600754EDB /* Products */;
					ProjectRef = 715B7B3124474C4600754EDB /* Transition.xcodeproj */;
				},
				{
					ProductGroup = 713B9BA2243D0696001F6E3A /* Products */;
					ProjectRef = 713B9BA1243D0696001F6E3A /* Utils.xcodeproj */;
				},
				{
					ProductGroup = 713B9B56243D050E001F6E3A /* Products */;
					ProjectRef = 713B9B55243D050E001F6E3A /* Validators.xcodeproj */;
				},
			);
			projectRoot = "";
			targets = (
				71228E042431CF7F00D08B20 /* FormsExample */,
				71228E1A2431CF8200D08B20 /* FormsExampleTests */,
			);
		};
/* End PBXProject section */

/* Begin PBXReferenceProxy section */
		7103EA6224609C3700A11A96 /* Permission.framework */ = {
			isa = PBXReferenceProxy;
			fileType = wrapper.framework;
			path = Permission.framework;
			remoteRef = 7103EA6124609C3700A11A96 /* PBXContainerItemProxy */;
			sourceTree = BUILT_PRODUCTS_DIR;
		};
		7103EA6424609C3700A11A96 /* PermissionTests.xctest */ = {
			isa = PBXReferenceProxy;
			fileType = wrapper.cfbundle;
			path = PermissionTests.xctest;
			remoteRef = 7103EA6324609C3700A11A96 /* PBXContainerItemProxy */;
			sourceTree = BUILT_PRODUCTS_DIR;
		};
		7132962D24487AC3006935C0 /* SocialKit.framework */ = {
			isa = PBXReferenceProxy;
			fileType = wrapper.framework;
			path = SocialKit.framework;
			remoteRef = 7132962C24487AC3006935C0 /* PBXContainerItemProxy */;
			sourceTree = BUILT_PRODUCTS_DIR;
		};
		7132962F24487AC3006935C0 /* SocialKitTests.xctest */ = {
			isa = PBXReferenceProxy;
			fileType = wrapper.cfbundle;
			path = SocialKitTests.xctest;
			remoteRef = 7132962E24487AC3006935C0 /* PBXContainerItemProxy */;
			sourceTree = BUILT_PRODUCTS_DIR;
		};
		713B9B17243D0417001F6E3A /* Anchor.framework */ = {
			isa = PBXReferenceProxy;
			fileType = wrapper.framework;
			path = Anchor.framework;
			remoteRef = 713B9B16243D0417001F6E3A /* PBXContainerItemProxy */;
			sourceTree = BUILT_PRODUCTS_DIR;
		};
		713B9B1E243D0417001F6E3A /* Injector.framework */ = {
			isa = PBXReferenceProxy;
			fileType = wrapper.framework;
			path = Injector.framework;
			remoteRef = 713B9B1D243D0417001F6E3A /* PBXContainerItemProxy */;
			sourceTree = BUILT_PRODUCTS_DIR;
		};
		713B9B20243D0417001F6E3A /* InjectorTests.xctest */ = {
			isa = PBXReferenceProxy;
			fileType = wrapper.cfbundle;
			path = InjectorTests.xctest;
			remoteRef = 713B9B1F243D0417001F6E3A /* PBXContainerItemProxy */;
			sourceTree = BUILT_PRODUCTS_DIR;
		};
		713B9B5B243D050F001F6E3A /* Validators.framework */ = {
			isa = PBXReferenceProxy;
			fileType = wrapper.framework;
			path = Validators.framework;
			remoteRef = 713B9B5A243D050F001F6E3A /* PBXContainerItemProxy */;
			sourceTree = BUILT_PRODUCTS_DIR;
		};
		713B9B5D243D050F001F6E3A /* ValidatorsTests.xctest */ = {
			isa = PBXReferenceProxy;
			fileType = wrapper.cfbundle;
			path = ValidatorsTests.xctest;
			remoteRef = 713B9B5C243D050F001F6E3A /* PBXContainerItemProxy */;
			sourceTree = BUILT_PRODUCTS_DIR;
		};
		713B9BA7243D0696001F6E3A /* Utils.framework */ = {
			isa = PBXReferenceProxy;
			fileType = wrapper.framework;
			path = Utils.framework;
			remoteRef = 713B9BA6243D0696001F6E3A /* PBXContainerItemProxy */;
			sourceTree = BUILT_PRODUCTS_DIR;
		};
		713B9BA9243D0696001F6E3A /* UtilsTests.xctest */ = {
			isa = PBXReferenceProxy;
			fileType = wrapper.cfbundle;
			path = UtilsTests.xctest;
			remoteRef = 713B9BA8243D0696001F6E3A /* PBXContainerItemProxy */;
			sourceTree = BUILT_PRODUCTS_DIR;
		};
		713B9C13243D08E1001F6E3A /* FormsDemo.framework */ = {
			isa = PBXReferenceProxy;
			fileType = wrapper.framework;
			path = FormsDemo.framework;
			remoteRef = 713B9C12243D08E1001F6E3A /* PBXContainerItemProxy */;
			sourceTree = BUILT_PRODUCTS_DIR;
		};
		713B9C15243D08E1001F6E3A /* FormsDemoTests.xctest */ = {
			isa = PBXReferenceProxy;
			fileType = wrapper.cfbundle;
			path = FormsDemoTests.xctest;
			remoteRef = 713B9C14243D08E1001F6E3A /* PBXContainerItemProxy */;
			sourceTree = BUILT_PRODUCTS_DIR;
		};
		715B7AF5244701BD00754EDB /* LoggerTests.xctest */ = {
			isa = PBXReferenceProxy;
			fileType = wrapper.cfbundle;
			path = LoggerTests.xctest;
			remoteRef = 715B7AF4244701BD00754EDB /* PBXContainerItemProxy */;
			sourceTree = BUILT_PRODUCTS_DIR;
		};
		715B7AF9244701BD00754EDB /* NetworkingTests.xctest */ = {
			isa = PBXReferenceProxy;
			fileType = wrapper.cfbundle;
			path = NetworkingTests.xctest;
			remoteRef = 715B7AF8244701BD00754EDB /* PBXContainerItemProxy */;
			sourceTree = BUILT_PRODUCTS_DIR;
		};
		715B7B3724474C4700754EDB /* Transition.framework */ = {
			isa = PBXReferenceProxy;
			fileType = wrapper.framework;
			path = Transition.framework;
			remoteRef = 715B7B3624474C4700754EDB /* PBXContainerItemProxy */;
			sourceTree = BUILT_PRODUCTS_DIR;
		};
		715B7B3924474C4700754EDB /* TransitionTests.xctest */ = {
			isa = PBXReferenceProxy;
			fileType = wrapper.cfbundle;
			path = TransitionTests.xctest;
			remoteRef = 715B7B3824474C4700754EDB /* PBXContainerItemProxy */;
			sourceTree = BUILT_PRODUCTS_DIR;
		};
		7178026824543D2C0057E848 /* DeveloperTools.framework */ = {
			isa = PBXReferenceProxy;
			fileType = wrapper.framework;
			path = DeveloperTools.framework;
			remoteRef = 7178026724543D2C0057E848 /* PBXContainerItemProxy */;
			sourceTree = BUILT_PRODUCTS_DIR;
		};
		717802A3245448EA0057E848 /* DeveloperToolsTests.xctest */ = {
			isa = PBXReferenceProxy;
			fileType = wrapper.cfbundle;
			path = DeveloperToolsTests.xctest;
			remoteRef = 717802A2245448EA0057E848 /* PBXContainerItemProxy */;
			sourceTree = BUILT_PRODUCTS_DIR;
		};
		7194695C243DA7A900CAD09B /* Forms.framework */ = {
			isa = PBXReferenceProxy;
			fileType = wrapper.framework;
			path = Forms.framework;
			remoteRef = 7194695B243DA7A900CAD09B /* PBXContainerItemProxy */;
			sourceTree = BUILT_PRODUCTS_DIR;
		};
		7194695E243DA7A900CAD09B /* FormsTests.xctest */ = {
			isa = PBXReferenceProxy;
			fileType = wrapper.cfbundle;
			path = FormsTests.xctest;
			remoteRef = 7194695D243DA7A900CAD09B /* PBXContainerItemProxy */;
			sourceTree = BUILT_PRODUCTS_DIR;
		};
		719AE4C9246294FC00A39B0E /* Notifications.framework */ = {
			isa = PBXReferenceProxy;
			fileType = wrapper.framework;
			path = Notifications.framework;
			remoteRef = 719AE4C8246294FC00A39B0E /* PBXContainerItemProxy */;
			sourceTree = BUILT_PRODUCTS_DIR;
		};
		719AE4CB246294FC00A39B0E /* NotificationsTests.xctest */ = {
			isa = PBXReferenceProxy;
			fileType = wrapper.cfbundle;
			path = NotificationsTests.xctest;
			remoteRef = 719AE4CA246294FC00A39B0E /* PBXContainerItemProxy */;
			sourceTree = BUILT_PRODUCTS_DIR;
		};
		71BB621E2445DD17002BB31F /* Networking.framework */ = {
			isa = PBXReferenceProxy;
			fileType = wrapper.framework;
			path = Networking.framework;
			remoteRef = 71BB621D2445DD17002BB31F /* PBXContainerItemProxy */;
			sourceTree = BUILT_PRODUCTS_DIR;
		};
		71BB626B2445E7C6002BB31F /* Logger.framework */ = {
			isa = PBXReferenceProxy;
			fileType = wrapper.framework;
			path = Logger.framework;
			remoteRef = 71BB626A2445E7C6002BB31F /* PBXContainerItemProxy */;
			sourceTree = BUILT_PRODUCTS_DIR;
		};
		71CFF41F245954B90067D13E /* SideMenu.framework */ = {
			isa = PBXReferenceProxy;
			fileType = wrapper.framework;
			path = SideMenu.framework;
			remoteRef = 71CFF41E245954B90067D13E /* PBXContainerItemProxy */;
			sourceTree = BUILT_PRODUCTS_DIR;
		};
		71CFF421245954B90067D13E /* SideMenuTests.xctest */ = {
			isa = PBXReferenceProxy;
			fileType = wrapper.cfbundle;
			path = SideMenuTests.xctest;
			remoteRef = 71CFF420245954B90067D13E /* PBXContainerItemProxy */;
			sourceTree = BUILT_PRODUCTS_DIR;
		};
		71DB5CC02457609100B16145 /* Analytics.framework */ = {
			isa = PBXReferenceProxy;
			fileType = wrapper.framework;
			path = Analytics.framework;
			remoteRef = 71DB5CBF2457609100B16145 /* PBXContainerItemProxy */;
			sourceTree = BUILT_PRODUCTS_DIR;
		};
		71DB5CC22457609100B16145 /* AnalyticsTests.xctest */ = {
			isa = PBXReferenceProxy;
			fileType = wrapper.cfbundle;
			path = AnalyticsTests.xctest;
			remoteRef = 71DB5CC12457609100B16145 /* PBXContainerItemProxy */;
			sourceTree = BUILT_PRODUCTS_DIR;
		};
		71DB663E245826C900B16145 /* ImagePicker.framework */ = {
			isa = PBXReferenceProxy;
			fileType = wrapper.framework;
			path = ImagePicker.framework;
			remoteRef = 71DB663D245826C900B16145 /* PBXContainerItemProxy */;
			sourceTree = BUILT_PRODUCTS_DIR;
		};
		71DB6640245826C900B16145 /* ImagePickerTests.xctest */ = {
			isa = PBXReferenceProxy;
			fileType = wrapper.cfbundle;
			path = ImagePickerTests.xctest;
			remoteRef = 71DB663F245826C900B16145 /* PBXContainerItemProxy */;
			sourceTree = BUILT_PRODUCTS_DIR;
		};
		71EBA889243D02AE0045AE40 /* AnchorTests.xctest */ = {
			isa = PBXReferenceProxy;
			fileType = wrapper.cfbundle;
			path = AnchorTests.xctest;
			remoteRef = 71EBA888243D02AE0045AE40 /* PBXContainerItemProxy */;
			sourceTree = BUILT_PRODUCTS_DIR;
		};
/* End PBXReferenceProxy section */

/* Begin PBXResourcesBuildPhase section */
		71228E032431CF7F00D08B20 /* Resources */ = {
			isa = PBXResourcesBuildPhase;
			buildActionMask = 2147483647;
			files = (
				71228E2C2431CFBF00D08B20 /* LaunchScreen.storyboard in Resources */,
				71DB655A2457729800B16145 /* GoogleService-Info.plist in Resources */,
				71228E122431CF8100D08B20 /* Assets.xcassets in Resources */,
			);
			runOnlyForDeploymentPostprocessing = 0;
		};
		71228E192431CF8200D08B20 /* Resources */ = {
			isa = PBXResourcesBuildPhase;
			buildActionMask = 2147483647;
			files = (
			);
			runOnlyForDeploymentPostprocessing = 0;
		};
/* End PBXResourcesBuildPhase section */

/* Begin PBXShellScriptBuildPhase section */
		716992012445A98E00A8FA79 /* Lint */ = {
			isa = PBXShellScriptBuildPhase;
			buildActionMask = 2147483647;
			files = (
			);
			inputFileListPaths = (
			);
			inputPaths = (
			);
			name = Lint;
			outputFileListPaths = (
			);
			outputPaths = (
			);
			runOnlyForDeploymentPostprocessing = 0;
			shellPath = /bin/sh;
			shellScript = "if which swiftlint >/dev/null; then\n  cd ..\n  swiftlint\nelse\n  echo \"warning: SwiftLint not installed, download from https://github.com/realm/SwiftLint\"\nfi\n";
		};
		719F8C7D245712DB004F5A27 /* CFBuildDate */ = {
			isa = PBXShellScriptBuildPhase;
			buildActionMask = 2147483647;
			files = (
			);
			inputFileListPaths = (
			);
			inputPaths = (
			);
			name = CFBuildDate;
			outputFileListPaths = (
			);
			outputPaths = (
			);
			runOnlyForDeploymentPostprocessing = 0;
			shellPath = /bin/sh;
			shellScript = "date=`date`\n/usr/libexec/PlistBuddy -c \"Remove :CFBuildDate\" ${INFOPLIST_FILE}\n/usr/libexec/PlistBuddy -c \"Add :CFBuildDate string ${date}\" ${INFOPLIST_FILE}\n";
		};
/* End PBXShellScriptBuildPhase section */

/* Begin PBXSourcesBuildPhase section */
		71228E012431CF7F00D08B20 /* Sources */ = {
			isa = PBXSourcesBuildPhase;
			buildActionMask = 2147483647;
			files = (
				71228E092431CF7F00D08B20 /* AppDelegate.swift in Sources */,
				71228E0B2431CF7F00D08B20 /* SceneDelegate.swift in Sources */,
			);
			runOnlyForDeploymentPostprocessing = 0;
		};
		71228E172431CF8200D08B20 /* Sources */ = {
			isa = PBXSourcesBuildPhase;
			buildActionMask = 2147483647;
			files = (
			);
			runOnlyForDeploymentPostprocessing = 0;
		};
/* End PBXSourcesBuildPhase section */

/* Begin PBXTargetDependency section */
		71228E1D2431CF8200D08B20 /* PBXTargetDependency */ = {
			isa = PBXTargetDependency;
			target = 71228E042431CF7F00D08B20 /* FormsExample */;
			targetProxy = 71228E1C2431CF8200D08B20 /* PBXContainerItemProxy */;
		};
/* End PBXTargetDependency section */

/* Begin XCBuildConfiguration section */
		71228E222431CF8200D08B20 /* Debug */ = {
			isa = XCBuildConfiguration;
			buildSettings = {
				ALWAYS_SEARCH_USER_PATHS = NO;
				CLANG_ANALYZER_NONNULL = YES;
				CLANG_ANALYZER_NUMBER_OBJECT_CONVERSION = YES_AGGRESSIVE;
				CLANG_CXX_LANGUAGE_STANDARD = "gnu++14";
				CLANG_CXX_LIBRARY = "libc++";
				CLANG_ENABLE_MODULES = YES;
				CLANG_ENABLE_OBJC_ARC = YES;
				CLANG_ENABLE_OBJC_WEAK = YES;
				CLANG_WARN_BLOCK_CAPTURE_AUTORELEASING = YES;
				CLANG_WARN_BOOL_CONVERSION = YES;
				CLANG_WARN_COMMA = YES;
				CLANG_WARN_CONSTANT_CONVERSION = YES;
				CLANG_WARN_DEPRECATED_OBJC_IMPLEMENTATIONS = YES;
				CLANG_WARN_DIRECT_OBJC_ISA_USAGE = YES_ERROR;
				CLANG_WARN_DOCUMENTATION_COMMENTS = YES;
				CLANG_WARN_EMPTY_BODY = YES;
				CLANG_WARN_ENUM_CONVERSION = YES;
				CLANG_WARN_INFINITE_RECURSION = YES;
				CLANG_WARN_INT_CONVERSION = YES;
				CLANG_WARN_NON_LITERAL_NULL_CONVERSION = YES;
				CLANG_WARN_OBJC_IMPLICIT_RETAIN_SELF = YES;
				CLANG_WARN_OBJC_LITERAL_CONVERSION = YES;
				CLANG_WARN_OBJC_ROOT_CLASS = YES_ERROR;
				CLANG_WARN_RANGE_LOOP_ANALYSIS = YES;
				CLANG_WARN_STRICT_PROTOTYPES = YES;
				CLANG_WARN_SUSPICIOUS_MOVE = YES;
				CLANG_WARN_UNGUARDED_AVAILABILITY = YES_AGGRESSIVE;
				CLANG_WARN_UNREACHABLE_CODE = YES;
				CLANG_WARN__DUPLICATE_METHOD_MATCH = YES;
				COPY_PHASE_STRIP = NO;
				DEBUG_INFORMATION_FORMAT = dwarf;
				ENABLE_STRICT_OBJC_MSGSEND = YES;
				ENABLE_TESTABILITY = YES;
				GCC_C_LANGUAGE_STANDARD = gnu11;
				GCC_DYNAMIC_NO_PIC = NO;
				GCC_NO_COMMON_BLOCKS = YES;
				GCC_OPTIMIZATION_LEVEL = 0;
				GCC_PREPROCESSOR_DEFINITIONS = (
					"DEBUG=1",
					"$(inherited)",
				);
				GCC_WARN_64_TO_32_BIT_CONVERSION = YES;
				GCC_WARN_ABOUT_RETURN_TYPE = YES_ERROR;
				GCC_WARN_UNDECLARED_SELECTOR = YES;
				GCC_WARN_UNINITIALIZED_AUTOS = YES_AGGRESSIVE;
				GCC_WARN_UNUSED_FUNCTION = YES;
				GCC_WARN_UNUSED_VARIABLE = YES;
				IPHONEOS_DEPLOYMENT_TARGET = 13.4;
				MTL_ENABLE_DEBUG_INFO = INCLUDE_SOURCE;
				MTL_FAST_MATH = YES;
				ONLY_ACTIVE_ARCH = YES;
				SDKROOT = iphoneos;
				SWIFT_ACTIVE_COMPILATION_CONDITIONS = DEBUG;
				SWIFT_OPTIMIZATION_LEVEL = "-Onone";
			};
			name = Debug;
		};
		71228E232431CF8200D08B20 /* Release */ = {
			isa = XCBuildConfiguration;
			buildSettings = {
				ALWAYS_SEARCH_USER_PATHS = NO;
				CLANG_ANALYZER_NONNULL = YES;
				CLANG_ANALYZER_NUMBER_OBJECT_CONVERSION = YES_AGGRESSIVE;
				CLANG_CXX_LANGUAGE_STANDARD = "gnu++14";
				CLANG_CXX_LIBRARY = "libc++";
				CLANG_ENABLE_MODULES = YES;
				CLANG_ENABLE_OBJC_ARC = YES;
				CLANG_ENABLE_OBJC_WEAK = YES;
				CLANG_WARN_BLOCK_CAPTURE_AUTORELEASING = YES;
				CLANG_WARN_BOOL_CONVERSION = YES;
				CLANG_WARN_COMMA = YES;
				CLANG_WARN_CONSTANT_CONVERSION = YES;
				CLANG_WARN_DEPRECATED_OBJC_IMPLEMENTATIONS = YES;
				CLANG_WARN_DIRECT_OBJC_ISA_USAGE = YES_ERROR;
				CLANG_WARN_DOCUMENTATION_COMMENTS = YES;
				CLANG_WARN_EMPTY_BODY = YES;
				CLANG_WARN_ENUM_CONVERSION = YES;
				CLANG_WARN_INFINITE_RECURSION = YES;
				CLANG_WARN_INT_CONVERSION = YES;
				CLANG_WARN_NON_LITERAL_NULL_CONVERSION = YES;
				CLANG_WARN_OBJC_IMPLICIT_RETAIN_SELF = YES;
				CLANG_WARN_OBJC_LITERAL_CONVERSION = YES;
				CLANG_WARN_OBJC_ROOT_CLASS = YES_ERROR;
				CLANG_WARN_RANGE_LOOP_ANALYSIS = YES;
				CLANG_WARN_STRICT_PROTOTYPES = YES;
				CLANG_WARN_SUSPICIOUS_MOVE = YES;
				CLANG_WARN_UNGUARDED_AVAILABILITY = YES_AGGRESSIVE;
				CLANG_WARN_UNREACHABLE_CODE = YES;
				CLANG_WARN__DUPLICATE_METHOD_MATCH = YES;
				COPY_PHASE_STRIP = NO;
				DEBUG_INFORMATION_FORMAT = "dwarf-with-dsym";
				ENABLE_NS_ASSERTIONS = NO;
				ENABLE_STRICT_OBJC_MSGSEND = YES;
				GCC_C_LANGUAGE_STANDARD = gnu11;
				GCC_NO_COMMON_BLOCKS = YES;
				GCC_WARN_64_TO_32_BIT_CONVERSION = YES;
				GCC_WARN_ABOUT_RETURN_TYPE = YES_ERROR;
				GCC_WARN_UNDECLARED_SELECTOR = YES;
				GCC_WARN_UNINITIALIZED_AUTOS = YES_AGGRESSIVE;
				GCC_WARN_UNUSED_FUNCTION = YES;
				GCC_WARN_UNUSED_VARIABLE = YES;
				IPHONEOS_DEPLOYMENT_TARGET = 13.4;
				MTL_ENABLE_DEBUG_INFO = NO;
				MTL_FAST_MATH = YES;
				SDKROOT = iphoneos;
				SWIFT_COMPILATION_MODE = wholemodule;
				SWIFT_OPTIMIZATION_LEVEL = "-O";
				VALIDATE_PRODUCT = YES;
			};
			name = Release;
		};
		71228E252431CF8200D08B20 /* Debug */ = {
			isa = XCBuildConfiguration;
			buildSettings = {
				ASSETCATALOG_COMPILER_APPICON_NAME = AppIcon;
				CODE_SIGN_ENTITLEMENTS = FormsExample/SupportingFiles/Config/FormsExample.entitlements;
				CODE_SIGN_STYLE = Automatic;
				DEVELOPMENT_TEAM = KB85VH6WG5;
				ENABLE_BITCODE = NO;
				FRAMEWORK_SEARCH_PATHS = (
					"$(inherited)",
					"$(PROJECT_DIR)/../Dependencies",
				);
				INFOPLIST_EXPAND_BUILD_SETTINGS = YES;
				INFOPLIST_FILE = FormsExample/SupportingFiles/Config/Info.plist;
				IPHONEOS_DEPLOYMENT_TARGET = 10.0;
				LD_RUNPATH_SEARCH_PATHS = (
					"$(inherited)",
					"@executable_path/Frameworks",
				);
				MARKETING_VERSION = 0.0.0;
				ONLY_ACTIVE_ARCH = NO;
				OTHER_LDFLAGS = "";
				PRODUCT_BUNDLE_IDENTIFIER = com.limbo.FormsExample;
				PRODUCT_NAME = "$(TARGET_NAME)";
				SUPPORTS_MACCATALYST = YES;
				SWIFT_VERSION = 5.0;
				TARGETED_DEVICE_FAMILY = "1,2";
			};
			name = Debug;
		};
		71228E262431CF8200D08B20 /* Release */ = {
			isa = XCBuildConfiguration;
			buildSettings = {
				ASSETCATALOG_COMPILER_APPICON_NAME = AppIcon;
				CODE_SIGN_ENTITLEMENTS = FormsExample/SupportingFiles/Config/FormsExample.entitlements;
				CODE_SIGN_STYLE = Automatic;
				DEVELOPMENT_TEAM = KB85VH6WG5;
				ENABLE_BITCODE = NO;
				FRAMEWORK_SEARCH_PATHS = (
					"$(inherited)",
					"$(PROJECT_DIR)/../Dependencies",
				);
				INFOPLIST_FILE = FormsExample/SupportingFiles/Config/Info.plist;
				IPHONEOS_DEPLOYMENT_TARGET = 10.0;
				LD_RUNPATH_SEARCH_PATHS = (
					"$(inherited)",
					"@executable_path/Frameworks",
				);
				MARKETING_VERSION = 0.0.0;
				OTHER_LDFLAGS = "";
				PRODUCT_BUNDLE_IDENTIFIER = com.limbo.FormsExample;
				PRODUCT_NAME = "$(TARGET_NAME)";
				SUPPORTS_MACCATALYST = YES;
				SWIFT_VERSION = 5.0;
				TARGETED_DEVICE_FAMILY = "1,2";
			};
			name = Release;
		};
		71228E282431CF8200D08B20 /* Debug */ = {
			isa = XCBuildConfiguration;
			buildSettings = {
				ALWAYS_EMBED_SWIFT_STANDARD_LIBRARIES = YES;
				BUNDLE_LOADER = "$(TEST_HOST)";
				CODE_SIGN_STYLE = Automatic;
				DEVELOPMENT_TEAM = KB85VH6WG5;
				INFOPLIST_FILE = FormsExampleTests/Info.plist;
				IPHONEOS_DEPLOYMENT_TARGET = 13.4;
				LD_RUNPATH_SEARCH_PATHS = (
					"$(inherited)",
					"@executable_path/Frameworks",
					"@loader_path/Frameworks",
				);
				PRODUCT_BUNDLE_IDENTIFIER = com.limbo.FormsExampleTests;
				PRODUCT_NAME = "$(TARGET_NAME)";
				SWIFT_VERSION = 5.0;
				TARGETED_DEVICE_FAMILY = "1,2";
				TEST_HOST = "$(BUILT_PRODUCTS_DIR)/FormsExample.app/FormsExample";
			};
			name = Debug;
		};
		71228E292431CF8200D08B20 /* Release */ = {
			isa = XCBuildConfiguration;
			buildSettings = {
				ALWAYS_EMBED_SWIFT_STANDARD_LIBRARIES = YES;
				BUNDLE_LOADER = "$(TEST_HOST)";
				CODE_SIGN_STYLE = Automatic;
				DEVELOPMENT_TEAM = KB85VH6WG5;
				INFOPLIST_FILE = FormsExampleTests/Info.plist;
				IPHONEOS_DEPLOYMENT_TARGET = 13.4;
				LD_RUNPATH_SEARCH_PATHS = (
					"$(inherited)",
					"@executable_path/Frameworks",
					"@loader_path/Frameworks",
				);
				PRODUCT_BUNDLE_IDENTIFIER = com.limbo.FormsExampleTests;
				PRODUCT_NAME = "$(TARGET_NAME)";
				SWIFT_VERSION = 5.0;
				TARGETED_DEVICE_FAMILY = "1,2";
				TEST_HOST = "$(BUILT_PRODUCTS_DIR)/FormsExample.app/FormsExample";
			};
			name = Release;
		};
/* End XCBuildConfiguration section */

/* Begin XCConfigurationList section */
		71228E002431CF7F00D08B20 /* Build configuration list for PBXProject "FormsExample" */ = {
			isa = XCConfigurationList;
			buildConfigurations = (
				71228E222431CF8200D08B20 /* Debug */,
				71228E232431CF8200D08B20 /* Release */,
			);
			defaultConfigurationIsVisible = 0;
			defaultConfigurationName = Release;
		};
		71228E242431CF8200D08B20 /* Build configuration list for PBXNativeTarget "FormsExample" */ = {
			isa = XCConfigurationList;
			buildConfigurations = (
				71228E252431CF8200D08B20 /* Debug */,
				71228E262431CF8200D08B20 /* Release */,
			);
			defaultConfigurationIsVisible = 0;
			defaultConfigurationName = Release;
		};
		71228E272431CF8200D08B20 /* Build configuration list for PBXNativeTarget "FormsExampleTests" */ = {
			isa = XCConfigurationList;
			buildConfigurations = (
				71228E282431CF8200D08B20 /* Debug */,
				71228E292431CF8200D08B20 /* Release */,
			);
			defaultConfigurationIsVisible = 0;
			defaultConfigurationName = Release;
		};
/* End XCConfigurationList section */
	};
	rootObject = 71228DFD2431CF7F00D08B20 /* Project object */;
}
